// !$*UTF8*$!
{
	archiveVersion = 1;
	classes = {
	};
	objectVersion = 56;
	objects = {

/* Begin PBXBuildFile section */
		A61511BB299A8FBE00ED052F /* README.md in Resources */ = {isa = PBXBuildFile; fileRef = A61511BA299A8FBE00ED052F /* README.md */; };
		A61511C9299ACD8800ED052F /* ChapelleWidgetBundle.swift in Sources */ = {isa = PBXBuildFile; fileRef = A61511C8299ACD8800ED052F /* ChapelleWidgetBundle.swift */; };
		A61511CB299ACD8800ED052F /* ChapelleWidget.swift in Sources */ = {isa = PBXBuildFile; fileRef = A61511CA299ACD8800ED052F /* ChapelleWidget.swift */; };
		A61511CD299ACD8900ED052F /* Assets.xcassets in Resources */ = {isa = PBXBuildFile; fileRef = A61511CC299ACD8900ED052F /* Assets.xcassets */; };
		A61511D1299ACD8900ED052F /* ChapelleWidgetExtension.appex in Embed Foundation Extensions */ = {isa = PBXBuildFile; fileRef = A61511C1299ACD8800ED052F /* ChapelleWidgetExtension.appex */; settings = {ATTRIBUTES = (RemoveHeadersOnCopy, ); }; };
		A61511D6299ACE1800ED052F /* WebcamLocation.swift in Sources */ = {isa = PBXBuildFile; fileRef = A6F8AE0C299A8B7B00B3D170 /* WebcamLocation.swift */; };
		A61511D7299ACE4500ED052F /* ImageArchive.swift in Sources */ = {isa = PBXBuildFile; fileRef = A6F8ADFE299A8B1D00B3D170 /* ImageArchive.swift */; };
		A61511D8299ACF4600ED052F /* Weather.swift in Sources */ = {isa = PBXBuildFile; fileRef = A6F8ADF7299A8B1D00B3D170 /* Weather.swift */; };
		A61511D9299ACF4600ED052F /* WeatherCondition.swift in Sources */ = {isa = PBXBuildFile; fileRef = A6F8ADFD299A8B1D00B3D170 /* WeatherCondition.swift */; };
		A61511DA299ACF4D00ED052F /* WeatherService.swift in Sources */ = {isa = PBXBuildFile; fileRef = A6F8AD8A299A88AD00B3D170 /* WeatherService.swift */; };
		A61511DB299ACF5100ED052F /* YRForecast.swift in Sources */ = {isa = PBXBuildFile; fileRef = A6F8ADF8299A8B1D00B3D170 /* YRForecast.swift */; };
		A61511DC299ACF8500ED052F /* NordicFranceService.swift in Sources */ = {isa = PBXBuildFile; fileRef = A6F8AD92299A88AE00B3D170 /* NordicFranceService.swift */; };
		A61511DD299ACFEA00ED052F /* SnowStatus.swift in Sources */ = {isa = PBXBuildFile; fileRef = A6F8ADFA299A8B1D00B3D170 /* SnowStatus.swift */; };
		A61511DF299AD2E600ED052F /* SwiftSoup in Frameworks */ = {isa = PBXBuildFile; productRef = A61511DE299AD2E600ED052F /* SwiftSoup */; };
		A643185E299AE2D400AA10E7 /* SwiftUI.framework in Frameworks */ = {isa = PBXBuildFile; fileRef = A61511C5299ACD8800ED052F /* SwiftUI.framework */; };
		A6431861299AE2D600AA10E7 /* WidgetKit.framework in Frameworks */ = {isa = PBXBuildFile; fileRef = A61511C3299ACD8800ED052F /* WidgetKit.framework */; };
		A6431864299B88F000AA10E7 /* DailyWeatherView.swift in Sources */ = {isa = PBXBuildFile; fileRef = A6431863299B88F000AA10E7 /* DailyWeatherView.swift */; };
		A6431866299BAFC100AA10E7 /* WeatherScrollViewCell.swift in Sources */ = {isa = PBXBuildFile; fileRef = A6431865299BAFC100AA10E7 /* WeatherScrollViewCell.swift */; };
		A6431868299BE27800AA10E7 /* loge.gpx in Resources */ = {isa = PBXBuildFile; fileRef = A6431867299BE27800AA10E7 /* loge.gpx */; };
		A643186A299BE37D00AA10E7 /* pisteEclairee.gpx in Resources */ = {isa = PBXBuildFile; fileRef = A6431869299BE37D00AA10E7 /* pisteEclairee.gpx */; };
		A643186C299BE6B100AA10E7 /* chezMichel.gpx in Resources */ = {isa = PBXBuildFile; fileRef = A643186B299BE6B100AA10E7 /* chezMichel.gpx */; };
		A643186E299BE8C300AA10E7 /* chaumoz.gpx in Resources */ = {isa = PBXBuildFile; fileRef = A643186D299BE8C300AA10E7 /* chaumoz.gpx */; };
		A6431870299BE96900AA10E7 /* norbiere.gpx in Resources */ = {isa = PBXBuildFile; fileRef = A643186F299BE96900AA10E7 /* norbiere.gpx */; };
		A6431872299BEB6E00AA10E7 /* greffier.gpx in Resources */ = {isa = PBXBuildFile; fileRef = A6431871299BEB6E00AA10E7 /* greffier.gpx */; };
		A6431874299BED6F00AA10E7 /* presDHaut.gpx in Resources */ = {isa = PBXBuildFile; fileRef = A6431873299BED6F00AA10E7 /* presDHaut.gpx */; };
		A6F8AD4C299A885300B3D170 /* Preview Assets.xcassets in Resources */ = {isa = PBXBuildFile; fileRef = A6F8AD4B299A885300B3D170 /* Preview Assets.xcassets */; };
		A6F8AD56299A885300B3D170 /* ChapelleTests.swift in Sources */ = {isa = PBXBuildFile; fileRef = A6F8AD55299A885300B3D170 /* ChapelleTests.swift */; };
		A6F8AD60299A885300B3D170 /* ChapelleUITests.swift in Sources */ = {isa = PBXBuildFile; fileRef = A6F8AD5F299A885300B3D170 /* ChapelleUITests.swift */; };
		A6F8AD62299A885400B3D170 /* ChapelleUITestsLaunchTests.swift in Sources */ = {isa = PBXBuildFile; fileRef = A6F8AD61299A885400B3D170 /* ChapelleUITestsLaunchTests.swift */; };
		A6F8ADA0299A88AF00B3D170 /* Date+Additions.swift in Sources */ = {isa = PBXBuildFile; fileRef = A6F8AD79299A88AA00B3D170 /* Date+Additions.swift */; };
		A6F8ADA2299A88AF00B3D170 /* TrackCellView.swift in Sources */ = {isa = PBXBuildFile; fileRef = A6F8AD7B299A88AA00B3D170 /* TrackCellView.swift */; };
		A6F8ADA5299A88AF00B3D170 /* ContentView.swift in Sources */ = {isa = PBXBuildFile; fileRef = A6F8AD7E299A88AB00B3D170 /* ContentView.swift */; };
		A6F8ADA8299A88AF00B3D170 /* WeatherScrollView.swift in Sources */ = {isa = PBXBuildFile; fileRef = A6F8AD81299A88AC00B3D170 /* WeatherScrollView.swift */; };
		A6F8ADAD299A88AF00B3D170 /* TrackView.swift in Sources */ = {isa = PBXBuildFile; fileRef = A6F8AD86299A88AC00B3D170 /* TrackView.swift */; };
		A6F8ADB1299A88AF00B3D170 /* WeatherService.swift in Sources */ = {isa = PBXBuildFile; fileRef = A6F8AD8A299A88AD00B3D170 /* WeatherService.swift */; };
		A6F8ADB2299A88AF00B3D170 /* Chapelle.swift in Sources */ = {isa = PBXBuildFile; fileRef = A6F8AD8B299A88AD00B3D170 /* Chapelle.swift */; };
		A6F8ADB4299A88AF00B3D170 /* ContentVM.swift in Sources */ = {isa = PBXBuildFile; fileRef = A6F8AD8D299A88AE00B3D170 /* ContentVM.swift */; };
		A6F8ADB9299A88AF00B3D170 /* NordicFranceService.swift in Sources */ = {isa = PBXBuildFile; fileRef = A6F8AD92299A88AE00B3D170 /* NordicFranceService.swift */; };
		A6F8ADBE299A896300B3D170 /* SwiftSoup in Frameworks */ = {isa = PBXBuildFile; productRef = A6F8ADBD299A896300B3D170 /* SwiftSoup */; };
		A6F8ADC1299A89A200B3D170 /* Mapbox in Frameworks */ = {isa = PBXBuildFile; productRef = A6F8ADC0299A89A200B3D170 /* Mapbox */; };
		A6F8ADDA299A8A3900B3D170 /* ElevationChartShape.swift in Sources */ = {isa = PBXBuildFile; fileRef = A6F8ADD1299A8A3900B3D170 /* ElevationChartShape.swift */; };
		A6F8ADDC299A8A3900B3D170 /* ElevationChart.swift in Sources */ = {isa = PBXBuildFile; fileRef = A6F8ADC5299A8A3900B3D170 /* ElevationChart.swift */; };
		A6F8ADDD299A8A3900B3D170 /* ElevationChartFillShape.swift in Sources */ = {isa = PBXBuildFile; fileRef = A6F8ADCF299A8A3900B3D170 /* ElevationChartFillShape.swift */; };
		A6F8ADFF299A8B1D00B3D170 /* Weather.swift in Sources */ = {isa = PBXBuildFile; fileRef = A6F8ADF7299A8B1D00B3D170 /* Weather.swift */; };
		A6F8AE00299A8B1D00B3D170 /* YRForecast.swift in Sources */ = {isa = PBXBuildFile; fileRef = A6F8ADF8299A8B1D00B3D170 /* YRForecast.swift */; };
		A6F8AE01299A8B1D00B3D170 /* TrackMetadata.swift in Sources */ = {isa = PBXBuildFile; fileRef = A6F8ADF9299A8B1D00B3D170 /* TrackMetadata.swift */; };
		A6F8AE02299A8B1D00B3D170 /* SnowStatus.swift in Sources */ = {isa = PBXBuildFile; fileRef = A6F8ADFA299A8B1D00B3D170 /* SnowStatus.swift */; };
		A6F8AE03299A8B1D00B3D170 /* Activity.swift in Sources */ = {isa = PBXBuildFile; fileRef = A6F8ADFB299A8B1D00B3D170 /* Activity.swift */; };
		A6F8AE04299A8B1D00B3D170 /* NordicFranceTrack.swift in Sources */ = {isa = PBXBuildFile; fileRef = A6F8ADFC299A8B1D00B3D170 /* NordicFranceTrack.swift */; };
		A6F8AE05299A8B1D00B3D170 /* WeatherCondition.swift in Sources */ = {isa = PBXBuildFile; fileRef = A6F8ADFD299A8B1D00B3D170 /* WeatherCondition.swift */; };
		A6F8AE06299A8B1D00B3D170 /* ImageArchive.swift in Sources */ = {isa = PBXBuildFile; fileRef = A6F8ADFE299A8B1D00B3D170 /* ImageArchive.swift */; };
		A6F8AE0D299A8B7B00B3D170 /* WebcamCell.swift in Sources */ = {isa = PBXBuildFile; fileRef = A6F8AE08299A8B7A00B3D170 /* WebcamCell.swift */; };
		A6F8AE0E299A8B7B00B3D170 /* WebcamsView.swift in Sources */ = {isa = PBXBuildFile; fileRef = A6F8AE09299A8B7A00B3D170 /* WebcamsView.swift */; };
		A6F8AE0F299A8B7B00B3D170 /* ActivityViewController.swift in Sources */ = {isa = PBXBuildFile; fileRef = A6F8AE0A299A8B7A00B3D170 /* ActivityViewController.swift */; };
		A6F8AE10299A8B7B00B3D170 /* WebcamArchiveVM.swift in Sources */ = {isa = PBXBuildFile; fileRef = A6F8AE0B299A8B7A00B3D170 /* WebcamArchiveVM.swift */; };
		A6F8AE11299A8B7B00B3D170 /* WebcamLocation.swift in Sources */ = {isa = PBXBuildFile; fileRef = A6F8AE0C299A8B7B00B3D170 /* WebcamLocation.swift */; };
		A6F8AE17299A8C0300B3D170 /* plan-raquettes.pdf in Resources */ = {isa = PBXBuildFile; fileRef = A6F8AE13299A8C0200B3D170 /* plan-raquettes.pdf */; };
		A6F8AE19299A8C0300B3D170 /* Assets.xcassets in Resources */ = {isa = PBXBuildFile; fileRef = A6F8AE15299A8C0200B3D170 /* Assets.xcassets */; };
		A6F8AE1A299A8C0300B3D170 /* plan-fond.pdf in Resources */ = {isa = PBXBuildFile; fileRef = A6F8AE16299A8C0200B3D170 /* plan-fond.pdf */; };
		A6F8AE23299A8C4000B3D170 /* mortes.gpx in Resources */ = {isa = PBXBuildFile; fileRef = A6F8AE1C299A8C4000B3D170 /* mortes.gpx */; };
		A6F8AE25299A8C4000B3D170 /* combeVerte.gpx in Resources */ = {isa = PBXBuildFile; fileRef = A6F8AE1E299A8C4000B3D170 /* combeVerte.gpx */; };
		A6F8AE26299A8C4000B3D170 /* beurriere.gpx in Resources */ = {isa = PBXBuildFile; fileRef = A6F8AE1F299A8C4000B3D170 /* beurriere.gpx */; };
		A6F8AE27299A8C4000B3D170 /* chaletPin.gpx in Resources */ = {isa = PBXBuildFile; fileRef = A6F8AE20299A8C4000B3D170 /* chaletPin.gpx */; };
		A6F8AE28299A8C4000B3D170 /* jobez.gpx in Resources */ = {isa = PBXBuildFile; fileRef = A6F8AE21299A8C4000B3D170 /* jobez.gpx */; };
		A6F8AE29299A8C4000B3D170 /* nondance.gpx in Resources */ = {isa = PBXBuildFile; fileRef = A6F8AE22299A8C4000B3D170 /* nondance.gpx */; };
		A6F8AE2B299A8C6800B3D170 /* Waypoint.swift in Sources */ = {isa = PBXBuildFile; fileRef = A6F8AE2A299A8C6800B3D170 /* Waypoint.swift */; };
		A6F8AE30299A8C9F00B3D170 /* MapViewCoordinator.swift in Sources */ = {isa = PBXBuildFile; fileRef = A6F8AE2D299A8C9F00B3D170 /* MapViewCoordinator.swift */; };
		A6F8AE31299A8C9F00B3D170 /* MapView+Route.swift in Sources */ = {isa = PBXBuildFile; fileRef = A6F8AE2E299A8C9F00B3D170 /* MapView+Route.swift */; };
		A6F8AE32299A8C9F00B3D170 /* MapView.swift in Sources */ = {isa = PBXBuildFile; fileRef = A6F8AE2F299A8C9F00B3D170 /* MapView.swift */; };
		A6F8AE34299A8D2400B3D170 /* GPXParser.swift in Sources */ = {isa = PBXBuildFile; fileRef = A6F8AE33299A8D2400B3D170 /* GPXParser.swift */; };
		EF7F99532B48DC4D0003E262 /* ContentMarginDisabled.swift in Sources */ = {isa = PBXBuildFile; fileRef = EF7F99522B48DC4D0003E262 /* ContentMarginDisabled.swift */; };
/* End PBXBuildFile section */

/* Begin PBXContainerItemProxy section */
		A61511CF299ACD8900ED052F /* PBXContainerItemProxy */ = {
			isa = PBXContainerItemProxy;
			containerPortal = A6F8AD38299A885200B3D170 /* Project object */;
			proxyType = 1;
			remoteGlobalIDString = A61511C0299ACD8800ED052F;
			remoteInfo = ChapelleWidgetExtension;
		};
		A6F8AD52299A885300B3D170 /* PBXContainerItemProxy */ = {
			isa = PBXContainerItemProxy;
			containerPortal = A6F8AD38299A885200B3D170 /* Project object */;
			proxyType = 1;
			remoteGlobalIDString = A6F8AD3F299A885200B3D170;
			remoteInfo = Chapelle;
		};
		A6F8AD5C299A885300B3D170 /* PBXContainerItemProxy */ = {
			isa = PBXContainerItemProxy;
			containerPortal = A6F8AD38299A885200B3D170 /* Project object */;
			proxyType = 1;
			remoteGlobalIDString = A6F8AD3F299A885200B3D170;
			remoteInfo = Chapelle;
		};
/* End PBXContainerItemProxy section */

/* Begin PBXCopyFilesBuildPhase section */
		A61511D5299ACD8900ED052F /* Embed Foundation Extensions */ = {
			isa = PBXCopyFilesBuildPhase;
			buildActionMask = 2147483647;
			dstPath = "";
			dstSubfolderSpec = 13;
			files = (
				A61511D1299ACD8900ED052F /* ChapelleWidgetExtension.appex in Embed Foundation Extensions */,
			);
			name = "Embed Foundation Extensions";
			runOnlyForDeploymentPostprocessing = 0;
		};
/* End PBXCopyFilesBuildPhase section */

/* Begin PBXFileReference section */
		A61511BA299A8FBE00ED052F /* README.md */ = {isa = PBXFileReference; fileEncoding = 4; lastKnownFileType = net.daringfireball.markdown; path = README.md; sourceTree = "<group>"; };
		A61511BC299A97C500ED052F /* Info.plist */ = {isa = PBXFileReference; lastKnownFileType = text.plist.xml; path = Info.plist; sourceTree = "<group>"; };
		A61511C1299ACD8800ED052F /* ChapelleWidgetExtension.appex */ = {isa = PBXFileReference; explicitFileType = "wrapper.app-extension"; includeInIndex = 0; path = ChapelleWidgetExtension.appex; sourceTree = BUILT_PRODUCTS_DIR; };
		A61511C3299ACD8800ED052F /* WidgetKit.framework */ = {isa = PBXFileReference; lastKnownFileType = wrapper.framework; name = WidgetKit.framework; path = System/Library/Frameworks/WidgetKit.framework; sourceTree = SDKROOT; };
		A61511C5299ACD8800ED052F /* SwiftUI.framework */ = {isa = PBXFileReference; lastKnownFileType = wrapper.framework; name = SwiftUI.framework; path = System/Library/Frameworks/SwiftUI.framework; sourceTree = SDKROOT; };
		A61511C8299ACD8800ED052F /* ChapelleWidgetBundle.swift */ = {isa = PBXFileReference; lastKnownFileType = sourcecode.swift; path = ChapelleWidgetBundle.swift; sourceTree = "<group>"; };
		A61511CA299ACD8800ED052F /* ChapelleWidget.swift */ = {isa = PBXFileReference; lastKnownFileType = sourcecode.swift; path = ChapelleWidget.swift; sourceTree = "<group>"; };
		A61511CC299ACD8900ED052F /* Assets.xcassets */ = {isa = PBXFileReference; lastKnownFileType = folder.assetcatalog; path = Assets.xcassets; sourceTree = "<group>"; };
		A61511CE299ACD8900ED052F /* Info.plist */ = {isa = PBXFileReference; lastKnownFileType = text.plist.xml; path = Info.plist; sourceTree = "<group>"; };
		A6431863299B88F000AA10E7 /* DailyWeatherView.swift */ = {isa = PBXFileReference; lastKnownFileType = sourcecode.swift; path = DailyWeatherView.swift; sourceTree = "<group>"; };
		A6431865299BAFC100AA10E7 /* WeatherScrollViewCell.swift */ = {isa = PBXFileReference; lastKnownFileType = sourcecode.swift; path = WeatherScrollViewCell.swift; sourceTree = "<group>"; };
		A6431867299BE27800AA10E7 /* loge.gpx */ = {isa = PBXFileReference; fileEncoding = 4; lastKnownFileType = text.xml; path = loge.gpx; sourceTree = "<group>"; };
		A6431869299BE37D00AA10E7 /* pisteEclairee.gpx */ = {isa = PBXFileReference; fileEncoding = 4; lastKnownFileType = text.xml; path = pisteEclairee.gpx; sourceTree = "<group>"; };
		A643186B299BE6B100AA10E7 /* chezMichel.gpx */ = {isa = PBXFileReference; fileEncoding = 4; lastKnownFileType = text.xml; path = chezMichel.gpx; sourceTree = "<group>"; };
		A643186D299BE8C300AA10E7 /* chaumoz.gpx */ = {isa = PBXFileReference; fileEncoding = 4; lastKnownFileType = text.xml; path = chaumoz.gpx; sourceTree = "<group>"; };
		A643186F299BE96900AA10E7 /* norbiere.gpx */ = {isa = PBXFileReference; fileEncoding = 4; lastKnownFileType = text.xml; path = norbiere.gpx; sourceTree = "<group>"; };
		A6431871299BEB6E00AA10E7 /* greffier.gpx */ = {isa = PBXFileReference; fileEncoding = 4; lastKnownFileType = text.xml; path = greffier.gpx; sourceTree = "<group>"; };
		A6431873299BED6F00AA10E7 /* presDHaut.gpx */ = {isa = PBXFileReference; fileEncoding = 4; lastKnownFileType = text.xml; path = presDHaut.gpx; sourceTree = "<group>"; };
		A6F8AD40299A885200B3D170 /* Chapelle.app */ = {isa = PBXFileReference; explicitFileType = wrapper.application; includeInIndex = 0; path = Chapelle.app; sourceTree = BUILT_PRODUCTS_DIR; };
		A6F8AD49299A885300B3D170 /* Chapelle.entitlements */ = {isa = PBXFileReference; lastKnownFileType = text.plist.entitlements; path = Chapelle.entitlements; sourceTree = "<group>"; };
		A6F8AD4B299A885300B3D170 /* Preview Assets.xcassets */ = {isa = PBXFileReference; lastKnownFileType = folder.assetcatalog; path = "Preview Assets.xcassets"; sourceTree = "<group>"; };
		A6F8AD51299A885300B3D170 /* ChapelleTests.xctest */ = {isa = PBXFileReference; explicitFileType = wrapper.cfbundle; includeInIndex = 0; path = ChapelleTests.xctest; sourceTree = BUILT_PRODUCTS_DIR; };
		A6F8AD55299A885300B3D170 /* ChapelleTests.swift */ = {isa = PBXFileReference; lastKnownFileType = sourcecode.swift; path = ChapelleTests.swift; sourceTree = "<group>"; };
		A6F8AD5B299A885300B3D170 /* ChapelleUITests.xctest */ = {isa = PBXFileReference; explicitFileType = wrapper.cfbundle; includeInIndex = 0; path = ChapelleUITests.xctest; sourceTree = BUILT_PRODUCTS_DIR; };
		A6F8AD5F299A885300B3D170 /* ChapelleUITests.swift */ = {isa = PBXFileReference; lastKnownFileType = sourcecode.swift; path = ChapelleUITests.swift; sourceTree = "<group>"; };
		A6F8AD61299A885400B3D170 /* ChapelleUITestsLaunchTests.swift */ = {isa = PBXFileReference; lastKnownFileType = sourcecode.swift; path = ChapelleUITestsLaunchTests.swift; sourceTree = "<group>"; };
		A6F8AD79299A88AA00B3D170 /* Date+Additions.swift */ = {isa = PBXFileReference; fileEncoding = 4; lastKnownFileType = sourcecode.swift; path = "Date+Additions.swift"; sourceTree = "<group>"; };
		A6F8AD7B299A88AA00B3D170 /* TrackCellView.swift */ = {isa = PBXFileReference; fileEncoding = 4; lastKnownFileType = sourcecode.swift; path = TrackCellView.swift; sourceTree = "<group>"; };
		A6F8AD7E299A88AB00B3D170 /* ContentView.swift */ = {isa = PBXFileReference; fileEncoding = 4; lastKnownFileType = sourcecode.swift; path = ContentView.swift; sourceTree = "<group>"; };
		A6F8AD81299A88AC00B3D170 /* WeatherScrollView.swift */ = {isa = PBXFileReference; fileEncoding = 4; lastKnownFileType = sourcecode.swift; path = WeatherScrollView.swift; sourceTree = "<group>"; };
		A6F8AD86299A88AC00B3D170 /* TrackView.swift */ = {isa = PBXFileReference; fileEncoding = 4; lastKnownFileType = sourcecode.swift; path = TrackView.swift; sourceTree = "<group>"; };
		A6F8AD8A299A88AD00B3D170 /* WeatherService.swift */ = {isa = PBXFileReference; fileEncoding = 4; lastKnownFileType = sourcecode.swift; path = WeatherService.swift; sourceTree = "<group>"; };
		A6F8AD8B299A88AD00B3D170 /* Chapelle.swift */ = {isa = PBXFileReference; fileEncoding = 4; lastKnownFileType = sourcecode.swift; path = Chapelle.swift; sourceTree = "<group>"; };
		A6F8AD8D299A88AE00B3D170 /* ContentVM.swift */ = {isa = PBXFileReference; fileEncoding = 4; lastKnownFileType = sourcecode.swift; path = ContentVM.swift; sourceTree = "<group>"; };
		A6F8AD92299A88AE00B3D170 /* NordicFranceService.swift */ = {isa = PBXFileReference; fileEncoding = 4; lastKnownFileType = sourcecode.swift; path = NordicFranceService.swift; sourceTree = "<group>"; };
		A6F8ADC5299A8A3900B3D170 /* ElevationChart.swift */ = {isa = PBXFileReference; lastKnownFileType = sourcecode.swift; path = ElevationChart.swift; sourceTree = "<group>"; };
		A6F8ADCF299A8A3900B3D170 /* ElevationChartFillShape.swift */ = {isa = PBXFileReference; lastKnownFileType = sourcecode.swift; path = ElevationChartFillShape.swift; sourceTree = "<group>"; };
		A6F8ADD1299A8A3900B3D170 /* ElevationChartShape.swift */ = {isa = PBXFileReference; lastKnownFileType = sourcecode.swift; path = ElevationChartShape.swift; sourceTree = "<group>"; };
		A6F8ADF7299A8B1D00B3D170 /* Weather.swift */ = {isa = PBXFileReference; fileEncoding = 4; lastKnownFileType = sourcecode.swift; path = Weather.swift; sourceTree = "<group>"; };
		A6F8ADF8299A8B1D00B3D170 /* YRForecast.swift */ = {isa = PBXFileReference; fileEncoding = 4; lastKnownFileType = sourcecode.swift; path = YRForecast.swift; sourceTree = "<group>"; };
		A6F8ADF9299A8B1D00B3D170 /* TrackMetadata.swift */ = {isa = PBXFileReference; fileEncoding = 4; lastKnownFileType = sourcecode.swift; path = TrackMetadata.swift; sourceTree = "<group>"; };
		A6F8ADFA299A8B1D00B3D170 /* SnowStatus.swift */ = {isa = PBXFileReference; fileEncoding = 4; lastKnownFileType = sourcecode.swift; path = SnowStatus.swift; sourceTree = "<group>"; };
		A6F8ADFB299A8B1D00B3D170 /* Activity.swift */ = {isa = PBXFileReference; fileEncoding = 4; lastKnownFileType = sourcecode.swift; path = Activity.swift; sourceTree = "<group>"; };
		A6F8ADFC299A8B1D00B3D170 /* NordicFranceTrack.swift */ = {isa = PBXFileReference; fileEncoding = 4; lastKnownFileType = sourcecode.swift; path = NordicFranceTrack.swift; sourceTree = "<group>"; };
		A6F8ADFD299A8B1D00B3D170 /* WeatherCondition.swift */ = {isa = PBXFileReference; fileEncoding = 4; lastKnownFileType = sourcecode.swift; path = WeatherCondition.swift; sourceTree = "<group>"; };
		A6F8ADFE299A8B1D00B3D170 /* ImageArchive.swift */ = {isa = PBXFileReference; fileEncoding = 4; lastKnownFileType = sourcecode.swift; path = ImageArchive.swift; sourceTree = "<group>"; };
		A6F8AE08299A8B7A00B3D170 /* WebcamCell.swift */ = {isa = PBXFileReference; fileEncoding = 4; lastKnownFileType = sourcecode.swift; path = WebcamCell.swift; sourceTree = "<group>"; };
		A6F8AE09299A8B7A00B3D170 /* WebcamsView.swift */ = {isa = PBXFileReference; fileEncoding = 4; lastKnownFileType = sourcecode.swift; path = WebcamsView.swift; sourceTree = "<group>"; };
		A6F8AE0A299A8B7A00B3D170 /* ActivityViewController.swift */ = {isa = PBXFileReference; fileEncoding = 4; lastKnownFileType = sourcecode.swift; path = ActivityViewController.swift; sourceTree = "<group>"; };
		A6F8AE0B299A8B7A00B3D170 /* WebcamArchiveVM.swift */ = {isa = PBXFileReference; fileEncoding = 4; lastKnownFileType = sourcecode.swift; path = WebcamArchiveVM.swift; sourceTree = "<group>"; };
		A6F8AE0C299A8B7B00B3D170 /* WebcamLocation.swift */ = {isa = PBXFileReference; fileEncoding = 4; lastKnownFileType = sourcecode.swift; path = WebcamLocation.swift; sourceTree = "<group>"; };
		A6F8AE13299A8C0200B3D170 /* plan-raquettes.pdf */ = {isa = PBXFileReference; lastKnownFileType = image.pdf; path = "plan-raquettes.pdf"; sourceTree = "<group>"; };
		A6F8AE15299A8C0200B3D170 /* Assets.xcassets */ = {isa = PBXFileReference; lastKnownFileType = folder.assetcatalog; path = Assets.xcassets; sourceTree = "<group>"; };
		A6F8AE16299A8C0200B3D170 /* plan-fond.pdf */ = {isa = PBXFileReference; lastKnownFileType = image.pdf; path = "plan-fond.pdf"; sourceTree = "<group>"; };
		A6F8AE1C299A8C4000B3D170 /* mortes.gpx */ = {isa = PBXFileReference; fileEncoding = 4; lastKnownFileType = text.xml; path = mortes.gpx; sourceTree = "<group>"; };
		A6F8AE1E299A8C4000B3D170 /* combeVerte.gpx */ = {isa = PBXFileReference; fileEncoding = 4; lastKnownFileType = text.xml; path = combeVerte.gpx; sourceTree = "<group>"; };
		A6F8AE1F299A8C4000B3D170 /* beurriere.gpx */ = {isa = PBXFileReference; fileEncoding = 4; lastKnownFileType = text.xml; path = beurriere.gpx; sourceTree = "<group>"; };
		A6F8AE20299A8C4000B3D170 /* chaletPin.gpx */ = {isa = PBXFileReference; fileEncoding = 4; lastKnownFileType = text.xml; path = chaletPin.gpx; sourceTree = "<group>"; };
		A6F8AE21299A8C4000B3D170 /* jobez.gpx */ = {isa = PBXFileReference; fileEncoding = 4; lastKnownFileType = text.xml; path = jobez.gpx; sourceTree = "<group>"; };
		A6F8AE22299A8C4000B3D170 /* nondance.gpx */ = {isa = PBXFileReference; fileEncoding = 4; lastKnownFileType = text.xml; path = nondance.gpx; sourceTree = "<group>"; };
		A6F8AE2A299A8C6800B3D170 /* Waypoint.swift */ = {isa = PBXFileReference; fileEncoding = 4; lastKnownFileType = sourcecode.swift; path = Waypoint.swift; sourceTree = "<group>"; };
		A6F8AE2D299A8C9F00B3D170 /* MapViewCoordinator.swift */ = {isa = PBXFileReference; fileEncoding = 4; lastKnownFileType = sourcecode.swift; path = MapViewCoordinator.swift; sourceTree = "<group>"; };
		A6F8AE2E299A8C9F00B3D170 /* MapView+Route.swift */ = {isa = PBXFileReference; fileEncoding = 4; lastKnownFileType = sourcecode.swift; path = "MapView+Route.swift"; sourceTree = "<group>"; };
		A6F8AE2F299A8C9F00B3D170 /* MapView.swift */ = {isa = PBXFileReference; fileEncoding = 4; lastKnownFileType = sourcecode.swift; path = MapView.swift; sourceTree = "<group>"; };
		A6F8AE33299A8D2400B3D170 /* GPXParser.swift */ = {isa = PBXFileReference; fileEncoding = 4; lastKnownFileType = sourcecode.swift; path = GPXParser.swift; sourceTree = "<group>"; };
		EF7F99522B48DC4D0003E262 /* ContentMarginDisabled.swift */ = {isa = PBXFileReference; lastKnownFileType = sourcecode.swift; path = ContentMarginDisabled.swift; sourceTree = "<group>"; };
/* End PBXFileReference section */

/* Begin PBXFrameworksBuildPhase section */
		A61511BE299ACD8800ED052F /* Frameworks */ = {
			isa = PBXFrameworksBuildPhase;
			buildActionMask = 2147483647;
			files = (
				A643185E299AE2D400AA10E7 /* SwiftUI.framework in Frameworks */,
				A61511DF299AD2E600ED052F /* SwiftSoup in Frameworks */,
				A6431861299AE2D600AA10E7 /* WidgetKit.framework in Frameworks */,
			);
			runOnlyForDeploymentPostprocessing = 0;
		};
		A6F8AD3D299A885200B3D170 /* Frameworks */ = {
			isa = PBXFrameworksBuildPhase;
			buildActionMask = 2147483647;
			files = (
				A6F8ADBE299A896300B3D170 /* SwiftSoup in Frameworks */,
				A6F8ADC1299A89A200B3D170 /* Mapbox in Frameworks */,
			);
			runOnlyForDeploymentPostprocessing = 0;
		};
		A6F8AD4E299A885300B3D170 /* Frameworks */ = {
			isa = PBXFrameworksBuildPhase;
			buildActionMask = 2147483647;
			files = (
			);
			runOnlyForDeploymentPostprocessing = 0;
		};
		A6F8AD58299A885300B3D170 /* Frameworks */ = {
			isa = PBXFrameworksBuildPhase;
			buildActionMask = 2147483647;
			files = (
			);
			runOnlyForDeploymentPostprocessing = 0;
		};
/* End PBXFrameworksBuildPhase section */

/* Begin PBXGroup section */
		A61511C2299ACD8800ED052F /* Frameworks */ = {
			isa = PBXGroup;
			children = (
				A61511C3299ACD8800ED052F /* WidgetKit.framework */,
				A61511C5299ACD8800ED052F /* SwiftUI.framework */,
			);
			name = Frameworks;
			sourceTree = "<group>";
		};
		A61511C7299ACD8800ED052F /* ChapelleWidget */ = {
			isa = PBXGroup;
			children = (
				A61511C8299ACD8800ED052F /* ChapelleWidgetBundle.swift */,
				A61511CA299ACD8800ED052F /* ChapelleWidget.swift */,
				EF7F99522B48DC4D0003E262 /* ContentMarginDisabled.swift */,
				A61511CC299ACD8900ED052F /* Assets.xcassets */,
				A61511CE299ACD8900ED052F /* Info.plist */,
			);
			path = ChapelleWidget;
			sourceTree = "<group>";
		};
		A6F8AD37299A885200B3D170 = {
			isa = PBXGroup;
			children = (
				A61511BA299A8FBE00ED052F /* README.md */,
				A6F8AD42299A885200B3D170 /* Chapelle */,
				A6F8AD54299A885300B3D170 /* ChapelleTests */,
				A6F8AD5E299A885300B3D170 /* ChapelleUITests */,
				A61511C7299ACD8800ED052F /* ChapelleWidget */,
				A61511C2299ACD8800ED052F /* Frameworks */,
				A6F8AD41299A885200B3D170 /* Products */,
			);
			sourceTree = "<group>";
		};
		A6F8AD41299A885200B3D170 /* Products */ = {
			isa = PBXGroup;
			children = (
				A6F8AD40299A885200B3D170 /* Chapelle.app */,
				A6F8AD51299A885300B3D170 /* ChapelleTests.xctest */,
				A6F8AD5B299A885300B3D170 /* ChapelleUITests.xctest */,
				A61511C1299ACD8800ED052F /* ChapelleWidgetExtension.appex */,
			);
			name = Products;
			sourceTree = "<group>";
		};
		A6F8AD42299A885200B3D170 /* Chapelle */ = {
			isa = PBXGroup;
			children = (
				A6F8AD8B299A88AD00B3D170 /* Chapelle.swift */,
				A6F8AD7E299A88AB00B3D170 /* ContentView.swift */,
				A6F8AD8D299A88AE00B3D170 /* ContentVM.swift */,
				A6F8AD79299A88AA00B3D170 /* Date+Additions.swift */,
				A6F8AD92299A88AE00B3D170 /* NordicFranceService.swift */,
				A6F8AD7B299A88AA00B3D170 /* TrackCellView.swift */,
				A6F8AD86299A88AC00B3D170 /* TrackView.swift */,
				A6F8AD81299A88AC00B3D170 /* WeatherScrollView.swift */,
				A6431865299BAFC100AA10E7 /* WeatherScrollViewCell.swift */,
				A6F8AD8A299A88AD00B3D170 /* WeatherService.swift */,
				A6431863299B88F000AA10E7 /* DailyWeatherView.swift */,
				A6F8AE2C299A8C8E00B3D170 /* MapView */,
				A6F8AE07299A8B4D00B3D170 /* Webcam */,
				A6F8ADE6299A8ADC00B3D170 /* Model */,
				A6F8ADE3299A8A5700B3D170 /* ElevationChart */,
				A61511BC299A97C500ED052F /* Info.plist */,
				A6F8AD49299A885300B3D170 /* Chapelle.entitlements */,
				A6F8AE12299A8BD700B3D170 /* Resources */,
				A6F8AD4A299A885300B3D170 /* Preview Content */,
			);
			path = Chapelle;
			sourceTree = "<group>";
		};
		A6F8AD4A299A885300B3D170 /* Preview Content */ = {
			isa = PBXGroup;
			children = (
				A6F8AD4B299A885300B3D170 /* Preview Assets.xcassets */,
			);
			path = "Preview Content";
			sourceTree = "<group>";
		};
		A6F8AD54299A885300B3D170 /* ChapelleTests */ = {
			isa = PBXGroup;
			children = (
				A6F8AD55299A885300B3D170 /* ChapelleTests.swift */,
			);
			path = ChapelleTests;
			sourceTree = "<group>";
		};
		A6F8AD5E299A885300B3D170 /* ChapelleUITests */ = {
			isa = PBXGroup;
			children = (
				A6F8AD5F299A885300B3D170 /* ChapelleUITests.swift */,
				A6F8AD61299A885400B3D170 /* ChapelleUITestsLaunchTests.swift */,
			);
			path = ChapelleUITests;
			sourceTree = "<group>";
		};
		A6F8ADE3299A8A5700B3D170 /* ElevationChart */ = {
			isa = PBXGroup;
			children = (
				A6F8ADC5299A8A3900B3D170 /* ElevationChart.swift */,
				A6F8ADCF299A8A3900B3D170 /* ElevationChartFillShape.swift */,
				A6F8ADD1299A8A3900B3D170 /* ElevationChartShape.swift */,
			);
			path = ElevationChart;
			sourceTree = "<group>";
		};
		A6F8ADE6299A8ADC00B3D170 /* Model */ = {
			isa = PBXGroup;
			children = (
				A6F8ADFB299A8B1D00B3D170 /* Activity.swift */,
				A6F8ADFE299A8B1D00B3D170 /* ImageArchive.swift */,
				A6F8ADFC299A8B1D00B3D170 /* NordicFranceTrack.swift */,
				A6F8ADFA299A8B1D00B3D170 /* SnowStatus.swift */,
				A6F8ADF9299A8B1D00B3D170 /* TrackMetadata.swift */,
				A6F8ADF7299A8B1D00B3D170 /* Weather.swift */,
				A6F8ADFD299A8B1D00B3D170 /* WeatherCondition.swift */,
				A6F8ADF8299A8B1D00B3D170 /* YRForecast.swift */,
			);
			path = Model;
			sourceTree = "<group>";
		};
		A6F8AE07299A8B4D00B3D170 /* Webcam */ = {
			isa = PBXGroup;
			children = (
				A6F8AE0A299A8B7A00B3D170 /* ActivityViewController.swift */,
				A6F8AE0B299A8B7A00B3D170 /* WebcamArchiveVM.swift */,
				A6F8AE08299A8B7A00B3D170 /* WebcamCell.swift */,
				A6F8AE0C299A8B7B00B3D170 /* WebcamLocation.swift */,
				A6F8AE09299A8B7A00B3D170 /* WebcamsView.swift */,
			);
			path = Webcam;
			sourceTree = "<group>";
		};
		A6F8AE12299A8BD700B3D170 /* Resources */ = {
			isa = PBXGroup;
			children = (
				A6F8AE1B299A8C2800B3D170 /* GPX */,
				A6F8AE15299A8C0200B3D170 /* Assets.xcassets */,
				A6F8AE16299A8C0200B3D170 /* plan-fond.pdf */,
				A6F8AE13299A8C0200B3D170 /* plan-raquettes.pdf */,
			);
			path = Resources;
			sourceTree = "<group>";
		};
		A6F8AE1B299A8C2800B3D170 /* GPX */ = {
			isa = PBXGroup;
			children = (
				A6431873299BED6F00AA10E7 /* presDHaut.gpx */,
				A643186F299BE96900AA10E7 /* norbiere.gpx */,
				A643186D299BE8C300AA10E7 /* chaumoz.gpx */,
				A643186B299BE6B100AA10E7 /* chezMichel.gpx */,
				A6431869299BE37D00AA10E7 /* pisteEclairee.gpx */,
				A6431867299BE27800AA10E7 /* loge.gpx */,
				A6F8AE1F299A8C4000B3D170 /* beurriere.gpx */,
				A6F8AE20299A8C4000B3D170 /* chaletPin.gpx */,
				A6F8AE1E299A8C4000B3D170 /* combeVerte.gpx */,
				A6431871299BEB6E00AA10E7 /* greffier.gpx */,
				A6F8AE21299A8C4000B3D170 /* jobez.gpx */,
				A6F8AE1C299A8C4000B3D170 /* mortes.gpx */,
				A6F8AE22299A8C4000B3D170 /* nondance.gpx */,
			);
			path = GPX;
			sourceTree = "<group>";
		};
		A6F8AE2C299A8C8E00B3D170 /* MapView */ = {
			isa = PBXGroup;
			children = (
				A6F8AE33299A8D2400B3D170 /* GPXParser.swift */,
				A6F8AE2F299A8C9F00B3D170 /* MapView.swift */,
				A6F8AE2E299A8C9F00B3D170 /* MapView+Route.swift */,
				A6F8AE2D299A8C9F00B3D170 /* MapViewCoordinator.swift */,
				A6F8AE2A299A8C6800B3D170 /* Waypoint.swift */,
			);
			path = MapView;
			sourceTree = "<group>";
		};
/* End PBXGroup section */

/* Begin PBXNativeTarget section */
		A61511C0299ACD8800ED052F /* ChapelleWidgetExtension */ = {
			isa = PBXNativeTarget;
			buildConfigurationList = A61511D2299ACD8900ED052F /* Build configuration list for PBXNativeTarget "ChapelleWidgetExtension" */;
			buildPhases = (
				A61511BD299ACD8800ED052F /* Sources */,
				A61511BE299ACD8800ED052F /* Frameworks */,
				A61511BF299ACD8800ED052F /* Resources */,
			);
			buildRules = (
			);
			dependencies = (
			);
			name = ChapelleWidgetExtension;
			packageProductDependencies = (
				A61511DE299AD2E600ED052F /* SwiftSoup */,
			);
			productName = ChapelleWidgetExtension;
			productReference = A61511C1299ACD8800ED052F /* ChapelleWidgetExtension.appex */;
			productType = "com.apple.product-type.app-extension";
		};
		A6F8AD3F299A885200B3D170 /* Chapelle */ = {
			isa = PBXNativeTarget;
			buildConfigurationList = A6F8AD65299A885400B3D170 /* Build configuration list for PBXNativeTarget "Chapelle" */;
			buildPhases = (
				A6F8AD3C299A885200B3D170 /* Sources */,
				A6F8AD3D299A885200B3D170 /* Frameworks */,
				A6F8AD3E299A885200B3D170 /* Resources */,
				A61511D5299ACD8900ED052F /* Embed Foundation Extensions */,
			);
			buildRules = (
			);
			dependencies = (
				A61511D0299ACD8900ED052F /* PBXTargetDependency */,
			);
			name = Chapelle;
			packageProductDependencies = (
				A6F8ADBD299A896300B3D170 /* SwiftSoup */,
				A6F8ADC0299A89A200B3D170 /* Mapbox */,
			);
			productName = Chapelle;
			productReference = A6F8AD40299A885200B3D170 /* Chapelle.app */;
			productType = "com.apple.product-type.application";
		};
		A6F8AD50299A885300B3D170 /* ChapelleTests */ = {
			isa = PBXNativeTarget;
			buildConfigurationList = A6F8AD68299A885400B3D170 /* Build configuration list for PBXNativeTarget "ChapelleTests" */;
			buildPhases = (
				A6F8AD4D299A885300B3D170 /* Sources */,
				A6F8AD4E299A885300B3D170 /* Frameworks */,
				A6F8AD4F299A885300B3D170 /* Resources */,
			);
			buildRules = (
			);
			dependencies = (
				A6F8AD53299A885300B3D170 /* PBXTargetDependency */,
			);
			name = ChapelleTests;
			productName = ChapelleTests;
			productReference = A6F8AD51299A885300B3D170 /* ChapelleTests.xctest */;
			productType = "com.apple.product-type.bundle.unit-test";
		};
		A6F8AD5A299A885300B3D170 /* ChapelleUITests */ = {
			isa = PBXNativeTarget;
			buildConfigurationList = A6F8AD6B299A885400B3D170 /* Build configuration list for PBXNativeTarget "ChapelleUITests" */;
			buildPhases = (
				A6F8AD57299A885300B3D170 /* Sources */,
				A6F8AD58299A885300B3D170 /* Frameworks */,
				A6F8AD59299A885300B3D170 /* Resources */,
			);
			buildRules = (
			);
			dependencies = (
				A6F8AD5D299A885300B3D170 /* PBXTargetDependency */,
			);
			name = ChapelleUITests;
			productName = ChapelleUITests;
			productReference = A6F8AD5B299A885300B3D170 /* ChapelleUITests.xctest */;
			productType = "com.apple.product-type.bundle.ui-testing";
		};
/* End PBXNativeTarget section */

/* Begin PBXProject section */
		A6F8AD38299A885200B3D170 /* Project object */ = {
			isa = PBXProject;
			attributes = {
				BuildIndependentTargetsInParallel = 1;
				LastSwiftUpdateCheck = 1420;
				LastUpgradeCheck = 1510;
				TargetAttributes = {
					A61511C0299ACD8800ED052F = {
						CreatedOnToolsVersion = 14.2;
					};
					A6F8AD3F299A885200B3D170 = {
						CreatedOnToolsVersion = 14.2;
						LastSwiftMigration = 1420;
					};
					A6F8AD50299A885300B3D170 = {
						CreatedOnToolsVersion = 14.2;
						TestTargetID = A6F8AD3F299A885200B3D170;
					};
					A6F8AD5A299A885300B3D170 = {
						CreatedOnToolsVersion = 14.2;
						TestTargetID = A6F8AD3F299A885200B3D170;
					};
				};
			};
			buildConfigurationList = A6F8AD3B299A885200B3D170 /* Build configuration list for PBXProject "Chapelle" */;
			compatibilityVersion = "Xcode 14.0";
			developmentRegion = en;
			hasScannedForEncodings = 0;
			knownRegions = (
				en,
				Base,
			);
			mainGroup = A6F8AD37299A885200B3D170;
			packageReferences = (
				A6F8ADBC299A896300B3D170 /* XCRemoteSwiftPackageReference "SwiftSoup" */,
				A6F8ADBF299A89A200B3D170 /* XCRemoteSwiftPackageReference "maplibre-gl-native-distribution" */,
			);
			productRefGroup = A6F8AD41299A885200B3D170 /* Products */;
			projectDirPath = "";
			projectRoot = "";
			targets = (
				A6F8AD3F299A885200B3D170 /* Chapelle */,
				A6F8AD50299A885300B3D170 /* ChapelleTests */,
				A6F8AD5A299A885300B3D170 /* ChapelleUITests */,
				A61511C0299ACD8800ED052F /* ChapelleWidgetExtension */,
			);
		};
/* End PBXProject section */

/* Begin PBXResourcesBuildPhase section */
		A61511BF299ACD8800ED052F /* Resources */ = {
			isa = PBXResourcesBuildPhase;
			buildActionMask = 2147483647;
			files = (
				A61511CD299ACD8900ED052F /* Assets.xcassets in Resources */,
			);
			runOnlyForDeploymentPostprocessing = 0;
		};
		A6F8AD3E299A885200B3D170 /* Resources */ = {
			isa = PBXResourcesBuildPhase;
			buildActionMask = 2147483647;
			files = (
				A6431874299BED6F00AA10E7 /* presDHaut.gpx in Resources */,
				A6F8AE17299A8C0300B3D170 /* plan-raquettes.pdf in Resources */,
				A6F8AE23299A8C4000B3D170 /* mortes.gpx in Resources */,
				A6431868299BE27800AA10E7 /* loge.gpx in Resources */,
				A643186A299BE37D00AA10E7 /* pisteEclairee.gpx in Resources */,
				A6F8AE1A299A8C0300B3D170 /* plan-fond.pdf in Resources */,
				A6F8AE28299A8C4000B3D170 /* jobez.gpx in Resources */,
				A6F8AE19299A8C0300B3D170 /* Assets.xcassets in Resources */,
				A643186C299BE6B100AA10E7 /* chezMichel.gpx in Resources */,
				A61511BB299A8FBE00ED052F /* README.md in Resources */,
				A6F8AE29299A8C4000B3D170 /* nondance.gpx in Resources */,
				A6F8AE25299A8C4000B3D170 /* combeVerte.gpx in Resources */,
				A6F8AD4C299A885300B3D170 /* Preview Assets.xcassets in Resources */,
				A6431870299BE96900AA10E7 /* norbiere.gpx in Resources */,
				A6431872299BEB6E00AA10E7 /* greffier.gpx in Resources */,
				A6F8AE26299A8C4000B3D170 /* beurriere.gpx in Resources */,
				A6F8AE27299A8C4000B3D170 /* chaletPin.gpx in Resources */,
				A643186E299BE8C300AA10E7 /* chaumoz.gpx in Resources */,
			);
			runOnlyForDeploymentPostprocessing = 0;
		};
		A6F8AD4F299A885300B3D170 /* Resources */ = {
			isa = PBXResourcesBuildPhase;
			buildActionMask = 2147483647;
			files = (
			);
			runOnlyForDeploymentPostprocessing = 0;
		};
		A6F8AD59299A885300B3D170 /* Resources */ = {
			isa = PBXResourcesBuildPhase;
			buildActionMask = 2147483647;
			files = (
			);
			runOnlyForDeploymentPostprocessing = 0;
		};
/* End PBXResourcesBuildPhase section */

/* Begin PBXSourcesBuildPhase section */
		A61511BD299ACD8800ED052F /* Sources */ = {
			isa = PBXSourcesBuildPhase;
			buildActionMask = 2147483647;
			files = (
				A61511C9299ACD8800ED052F /* ChapelleWidgetBundle.swift in Sources */,
				A61511CB299ACD8800ED052F /* ChapelleWidget.swift in Sources */,
				EF7F99532B48DC4D0003E262 /* ContentMarginDisabled.swift in Sources */,
				A61511D7299ACE4500ED052F /* ImageArchive.swift in Sources */,
				A61511D6299ACE1800ED052F /* WebcamLocation.swift in Sources */,
				A61511DD299ACFEA00ED052F /* SnowStatus.swift in Sources */,
				A61511D9299ACF4600ED052F /* WeatherCondition.swift in Sources */,
				A61511DB299ACF5100ED052F /* YRForecast.swift in Sources */,
				A61511D8299ACF4600ED052F /* Weather.swift in Sources */,
				A61511DA299ACF4D00ED052F /* WeatherService.swift in Sources */,
				A61511DC299ACF8500ED052F /* NordicFranceService.swift in Sources */,
			);
			runOnlyForDeploymentPostprocessing = 0;
		};
		A6F8AD3C299A885200B3D170 /* Sources */ = {
			isa = PBXSourcesBuildPhase;
			buildActionMask = 2147483647;
			files = (
				A6F8AE03299A8B1D00B3D170 /* Activity.swift in Sources */,
				A6F8ADB4299A88AF00B3D170 /* ContentVM.swift in Sources */,
				A6F8AE34299A8D2400B3D170 /* GPXParser.swift in Sources */,
				A6F8AE06299A8B1D00B3D170 /* ImageArchive.swift in Sources */,
				A6F8AE0F299A8B7B00B3D170 /* ActivityViewController.swift in Sources */,
				A6F8AE0E299A8B7B00B3D170 /* WebcamsView.swift in Sources */,
				A6F8AE01299A8B1D00B3D170 /* TrackMetadata.swift in Sources */,
				A6F8ADDA299A8A3900B3D170 /* ElevationChartShape.swift in Sources */,
				A6F8ADA2299A88AF00B3D170 /* TrackCellView.swift in Sources */,
				A6431864299B88F000AA10E7 /* DailyWeatherView.swift in Sources */,
				A6F8ADB9299A88AF00B3D170 /* NordicFranceService.swift in Sources */,
				A6F8ADA5299A88AF00B3D170 /* ContentView.swift in Sources */,
				A6F8AE05299A8B1D00B3D170 /* WeatherCondition.swift in Sources */,
				A6F8AE02299A8B1D00B3D170 /* SnowStatus.swift in Sources */,
				A6F8ADB2299A88AF00B3D170 /* Chapelle.swift in Sources */,
				A6F8ADDC299A8A3900B3D170 /* ElevationChart.swift in Sources */,
				A6431866299BAFC100AA10E7 /* WeatherScrollViewCell.swift in Sources */,
				A6F8AE32299A8C9F00B3D170 /* MapView.swift in Sources */,
				A6F8AE00299A8B1D00B3D170 /* YRForecast.swift in Sources */,
				A6F8AE04299A8B1D00B3D170 /* NordicFranceTrack.swift in Sources */,
				A6F8AE2B299A8C6800B3D170 /* Waypoint.swift in Sources */,
				A6F8ADDD299A8A3900B3D170 /* ElevationChartFillShape.swift in Sources */,
				A6F8AE11299A8B7B00B3D170 /* WebcamLocation.swift in Sources */,
				A6F8ADFF299A8B1D00B3D170 /* Weather.swift in Sources */,
				A6F8ADAD299A88AF00B3D170 /* TrackView.swift in Sources */,
				A6F8ADA8299A88AF00B3D170 /* WeatherScrollView.swift in Sources */,
				A6F8AE30299A8C9F00B3D170 /* MapViewCoordinator.swift in Sources */,
				A6F8AE10299A8B7B00B3D170 /* WebcamArchiveVM.swift in Sources */,
				A6F8ADB1299A88AF00B3D170 /* WeatherService.swift in Sources */,
				A6F8AE31299A8C9F00B3D170 /* MapView+Route.swift in Sources */,
				A6F8AE0D299A8B7B00B3D170 /* WebcamCell.swift in Sources */,
				A6F8ADA0299A88AF00B3D170 /* Date+Additions.swift in Sources */,
			);
			runOnlyForDeploymentPostprocessing = 0;
		};
		A6F8AD4D299A885300B3D170 /* Sources */ = {
			isa = PBXSourcesBuildPhase;
			buildActionMask = 2147483647;
			files = (
				A6F8AD56299A885300B3D170 /* ChapelleTests.swift in Sources */,
			);
			runOnlyForDeploymentPostprocessing = 0;
		};
		A6F8AD57299A885300B3D170 /* Sources */ = {
			isa = PBXSourcesBuildPhase;
			buildActionMask = 2147483647;
			files = (
				A6F8AD62299A885400B3D170 /* ChapelleUITestsLaunchTests.swift in Sources */,
				A6F8AD60299A885300B3D170 /* ChapelleUITests.swift in Sources */,
			);
			runOnlyForDeploymentPostprocessing = 0;
		};
/* End PBXSourcesBuildPhase section */

/* Begin PBXTargetDependency section */
		A61511D0299ACD8900ED052F /* PBXTargetDependency */ = {
			isa = PBXTargetDependency;
			target = A61511C0299ACD8800ED052F /* ChapelleWidgetExtension */;
			targetProxy = A61511CF299ACD8900ED052F /* PBXContainerItemProxy */;
		};
		A6F8AD53299A885300B3D170 /* PBXTargetDependency */ = {
			isa = PBXTargetDependency;
			target = A6F8AD3F299A885200B3D170 /* Chapelle */;
			targetProxy = A6F8AD52299A885300B3D170 /* PBXContainerItemProxy */;
		};
		A6F8AD5D299A885300B3D170 /* PBXTargetDependency */ = {
			isa = PBXTargetDependency;
			target = A6F8AD3F299A885200B3D170 /* Chapelle */;
			targetProxy = A6F8AD5C299A885300B3D170 /* PBXContainerItemProxy */;
		};
/* End PBXTargetDependency section */

/* Begin XCBuildConfiguration section */
		A61511D3299ACD8900ED052F /* Debug */ = {
			isa = XCBuildConfiguration;
			buildSettings = {
				ASSETCATALOG_COMPILER_GLOBAL_ACCENT_COLOR_NAME = AccentColor;
				ASSETCATALOG_COMPILER_WIDGET_BACKGROUND_COLOR_NAME = WidgetBackground;
				CODE_SIGN_STYLE = Automatic;
				CURRENT_PROJECT_VERSION = 1;
				DEVELOPMENT_TEAM = E873B24XVN;
				GENERATE_INFOPLIST_FILE = YES;
				INFOPLIST_FILE = ChapelleWidget/Info.plist;
				INFOPLIST_KEY_CFBundleDisplayName = ChapelleWidget;
				INFOPLIST_KEY_NSHumanReadableCopyright = "";
				IPHONEOS_DEPLOYMENT_TARGET = 16.0;
				LD_RUNPATH_SEARCH_PATHS = (
					"$(inherited)",
					"@executable_path/Frameworks",
					"@executable_path/../../Frameworks",
				);
				MARKETING_VERSION = 11;
				PRODUCT_BUNDLE_IDENTIFIER = fr.adhumi.chapelledesbois.widget;
				PRODUCT_NAME = "$(TARGET_NAME)";
				SDKROOT = iphoneos;
				SKIP_INSTALL = YES;
				SWIFT_EMIT_LOC_STRINGS = YES;
				SWIFT_VERSION = 5.0;
				TARGETED_DEVICE_FAMILY = "1,2";
			};
			name = Debug;
		};
		A61511D4299ACD8900ED052F /* Release */ = {
			isa = XCBuildConfiguration;
			buildSettings = {
				ASSETCATALOG_COMPILER_GLOBAL_ACCENT_COLOR_NAME = AccentColor;
				ASSETCATALOG_COMPILER_WIDGET_BACKGROUND_COLOR_NAME = WidgetBackground;
				CODE_SIGN_STYLE = Automatic;
				CURRENT_PROJECT_VERSION = 1;
				DEVELOPMENT_TEAM = E873B24XVN;
				GENERATE_INFOPLIST_FILE = YES;
				INFOPLIST_FILE = ChapelleWidget/Info.plist;
				INFOPLIST_KEY_CFBundleDisplayName = ChapelleWidget;
				INFOPLIST_KEY_NSHumanReadableCopyright = "";
				IPHONEOS_DEPLOYMENT_TARGET = 16.0;
				LD_RUNPATH_SEARCH_PATHS = (
					"$(inherited)",
					"@executable_path/Frameworks",
					"@executable_path/../../Frameworks",
				);
				MARKETING_VERSION = 11;
				PRODUCT_BUNDLE_IDENTIFIER = fr.adhumi.chapelledesbois.widget;
				PRODUCT_NAME = "$(TARGET_NAME)";
				SDKROOT = iphoneos;
				SKIP_INSTALL = YES;
				SWIFT_EMIT_LOC_STRINGS = YES;
				SWIFT_VERSION = 5.0;
				TARGETED_DEVICE_FAMILY = "1,2";
				VALIDATE_PRODUCT = YES;
			};
			name = Release;
		};
		A6F8AD63299A885400B3D170 /* Debug */ = {
			isa = XCBuildConfiguration;
			buildSettings = {
				ALWAYS_SEARCH_USER_PATHS = NO;
				ASSETCATALOG_COMPILER_GENERATE_SWIFT_ASSET_SYMBOL_EXTENSIONS = YES;
				CLANG_ANALYZER_NONNULL = YES;
				CLANG_ANALYZER_NUMBER_OBJECT_CONVERSION = YES_AGGRESSIVE;
				CLANG_CXX_LANGUAGE_STANDARD = "gnu++20";
				CLANG_ENABLE_MODULES = YES;
				CLANG_ENABLE_OBJC_ARC = YES;
				CLANG_ENABLE_OBJC_WEAK = YES;
				CLANG_WARN_BLOCK_CAPTURE_AUTORELEASING = YES;
				CLANG_WARN_BOOL_CONVERSION = YES;
				CLANG_WARN_COMMA = YES;
				CLANG_WARN_CONSTANT_CONVERSION = YES;
				CLANG_WARN_DEPRECATED_OBJC_IMPLEMENTATIONS = YES;
				CLANG_WARN_DIRECT_OBJC_ISA_USAGE = YES_ERROR;
				CLANG_WARN_DOCUMENTATION_COMMENTS = YES;
				CLANG_WARN_EMPTY_BODY = YES;
				CLANG_WARN_ENUM_CONVERSION = YES;
				CLANG_WARN_INFINITE_RECURSION = YES;
				CLANG_WARN_INT_CONVERSION = YES;
				CLANG_WARN_NON_LITERAL_NULL_CONVERSION = YES;
				CLANG_WARN_OBJC_IMPLICIT_RETAIN_SELF = YES;
				CLANG_WARN_OBJC_LITERAL_CONVERSION = YES;
				CLANG_WARN_OBJC_ROOT_CLASS = YES_ERROR;
				CLANG_WARN_QUOTED_INCLUDE_IN_FRAMEWORK_HEADER = YES;
				CLANG_WARN_RANGE_LOOP_ANALYSIS = YES;
				CLANG_WARN_STRICT_PROTOTYPES = YES;
				CLANG_WARN_SUSPICIOUS_MOVE = YES;
				CLANG_WARN_UNGUARDED_AVAILABILITY = YES_AGGRESSIVE;
				CLANG_WARN_UNREACHABLE_CODE = YES;
				CLANG_WARN__DUPLICATE_METHOD_MATCH = YES;
				COPY_PHASE_STRIP = NO;
				DEAD_CODE_STRIPPING = YES;
				DEBUG_INFORMATION_FORMAT = dwarf;
				ENABLE_STRICT_OBJC_MSGSEND = YES;
				ENABLE_TESTABILITY = YES;
				ENABLE_USER_SCRIPT_SANDBOXING = YES;
				GCC_C_LANGUAGE_STANDARD = gnu11;
				GCC_DYNAMIC_NO_PIC = NO;
				GCC_NO_COMMON_BLOCKS = YES;
				GCC_OPTIMIZATION_LEVEL = 0;
				GCC_PREPROCESSOR_DEFINITIONS = (
					"DEBUG=1",
					"$(inherited)",
				);
				GCC_WARN_64_TO_32_BIT_CONVERSION = YES;
				GCC_WARN_ABOUT_RETURN_TYPE = YES_ERROR;
				GCC_WARN_UNDECLARED_SELECTOR = YES;
				GCC_WARN_UNINITIALIZED_AUTOS = YES_AGGRESSIVE;
				GCC_WARN_UNUSED_FUNCTION = YES;
				GCC_WARN_UNUSED_VARIABLE = YES;
				IPHONEOS_DEPLOYMENT_TARGET = 15.0;
				MTL_ENABLE_DEBUG_INFO = INCLUDE_SOURCE;
				MTL_FAST_MATH = YES;
				ONLY_ACTIVE_ARCH = YES;
				SWIFT_ACTIVE_COMPILATION_CONDITIONS = DEBUG;
				SWIFT_OPTIMIZATION_LEVEL = "-Onone";
			};
			name = Debug;
		};
		A6F8AD64299A885400B3D170 /* Release */ = {
			isa = XCBuildConfiguration;
			buildSettings = {
				ALWAYS_SEARCH_USER_PATHS = NO;
				ASSETCATALOG_COMPILER_GENERATE_SWIFT_ASSET_SYMBOL_EXTENSIONS = YES;
				CLANG_ANALYZER_NONNULL = YES;
				CLANG_ANALYZER_NUMBER_OBJECT_CONVERSION = YES_AGGRESSIVE;
				CLANG_CXX_LANGUAGE_STANDARD = "gnu++20";
				CLANG_ENABLE_MODULES = YES;
				CLANG_ENABLE_OBJC_ARC = YES;
				CLANG_ENABLE_OBJC_WEAK = YES;
				CLANG_WARN_BLOCK_CAPTURE_AUTORELEASING = YES;
				CLANG_WARN_BOOL_CONVERSION = YES;
				CLANG_WARN_COMMA = YES;
				CLANG_WARN_CONSTANT_CONVERSION = YES;
				CLANG_WARN_DEPRECATED_OBJC_IMPLEMENTATIONS = YES;
				CLANG_WARN_DIRECT_OBJC_ISA_USAGE = YES_ERROR;
				CLANG_WARN_DOCUMENTATION_COMMENTS = YES;
				CLANG_WARN_EMPTY_BODY = YES;
				CLANG_WARN_ENUM_CONVERSION = YES;
				CLANG_WARN_INFINITE_RECURSION = YES;
				CLANG_WARN_INT_CONVERSION = YES;
				CLANG_WARN_NON_LITERAL_NULL_CONVERSION = YES;
				CLANG_WARN_OBJC_IMPLICIT_RETAIN_SELF = YES;
				CLANG_WARN_OBJC_LITERAL_CONVERSION = YES;
				CLANG_WARN_OBJC_ROOT_CLASS = YES_ERROR;
				CLANG_WARN_QUOTED_INCLUDE_IN_FRAMEWORK_HEADER = YES;
				CLANG_WARN_RANGE_LOOP_ANALYSIS = YES;
				CLANG_WARN_STRICT_PROTOTYPES = YES;
				CLANG_WARN_SUSPICIOUS_MOVE = YES;
				CLANG_WARN_UNGUARDED_AVAILABILITY = YES_AGGRESSIVE;
				CLANG_WARN_UNREACHABLE_CODE = YES;
				CLANG_WARN__DUPLICATE_METHOD_MATCH = YES;
				COPY_PHASE_STRIP = NO;
				DEAD_CODE_STRIPPING = YES;
				DEBUG_INFORMATION_FORMAT = "dwarf-with-dsym";
				ENABLE_NS_ASSERTIONS = NO;
				ENABLE_STRICT_OBJC_MSGSEND = YES;
				ENABLE_USER_SCRIPT_SANDBOXING = YES;
				GCC_C_LANGUAGE_STANDARD = gnu11;
				GCC_NO_COMMON_BLOCKS = YES;
				GCC_WARN_64_TO_32_BIT_CONVERSION = YES;
				GCC_WARN_ABOUT_RETURN_TYPE = YES_ERROR;
				GCC_WARN_UNDECLARED_SELECTOR = YES;
				GCC_WARN_UNINITIALIZED_AUTOS = YES_AGGRESSIVE;
				GCC_WARN_UNUSED_FUNCTION = YES;
				GCC_WARN_UNUSED_VARIABLE = YES;
				IPHONEOS_DEPLOYMENT_TARGET = 15.0;
				MTL_ENABLE_DEBUG_INFO = NO;
				MTL_FAST_MATH = YES;
				SWIFT_COMPILATION_MODE = wholemodule;
				SWIFT_OPTIMIZATION_LEVEL = "-O";
			};
			name = Release;
		};
		A6F8AD66299A885400B3D170 /* Debug */ = {
			isa = XCBuildConfiguration;
			buildSettings = {
				ALWAYS_EMBED_SWIFT_STANDARD_LIBRARIES = YES;
				ASSETCATALOG_COMPILER_APPICON_NAME = AppIcon;
				ASSETCATALOG_COMPILER_GLOBAL_ACCENT_COLOR_NAME = AccentColor;
				CLANG_ENABLE_MODULES = YES;
				CODE_SIGN_ENTITLEMENTS = Chapelle/Chapelle.entitlements;
				CODE_SIGN_STYLE = Automatic;
				CURRENT_PROJECT_VERSION = 1;
				DEAD_CODE_STRIPPING = YES;
				DEVELOPMENT_ASSET_PATHS = "\"Chapelle/Preview Content\"";
				DEVELOPMENT_TEAM = E873B24XVN;
				ENABLE_HARDENED_RUNTIME = YES;
				ENABLE_PREVIEWS = YES;
				GENERATE_INFOPLIST_FILE = YES;
				INFOPLIST_FILE = Chapelle/Info.plist;
				"INFOPLIST_KEY_UIApplicationSceneManifest_Generation[sdk=iphoneos*]" = YES;
				"INFOPLIST_KEY_UIApplicationSceneManifest_Generation[sdk=iphonesimulator*]" = YES;
				"INFOPLIST_KEY_UIApplicationSupportsIndirectInputEvents[sdk=iphoneos*]" = YES;
				"INFOPLIST_KEY_UIApplicationSupportsIndirectInputEvents[sdk=iphonesimulator*]" = YES;
				"INFOPLIST_KEY_UILaunchScreen_Generation[sdk=iphoneos*]" = YES;
				"INFOPLIST_KEY_UILaunchScreen_Generation[sdk=iphonesimulator*]" = YES;
				"INFOPLIST_KEY_UIStatusBarStyle[sdk=iphoneos*]" = UIStatusBarStyleDefault;
				"INFOPLIST_KEY_UIStatusBarStyle[sdk=iphonesimulator*]" = UIStatusBarStyleDefault;
				INFOPLIST_KEY_UISupportedInterfaceOrientations = UIInterfaceOrientationPortrait;
				INFOPLIST_KEY_UISupportedInterfaceOrientations_iPad = "UIInterfaceOrientationLandscapeLeft UIInterfaceOrientationLandscapeRight UIInterfaceOrientationPortrait UIInterfaceOrientationPortraitUpsideDown";
				IPHONEOS_DEPLOYMENT_TARGET = 15.0;
				LD_RUNPATH_SEARCH_PATHS = "@executable_path/Frameworks";
				"LD_RUNPATH_SEARCH_PATHS[sdk=macosx*]" = "@executable_path/../Frameworks";
				MACOSX_DEPLOYMENT_TARGET = 13.0;
				MARKETING_VERSION = 11;
				PRODUCT_BUNDLE_IDENTIFIER = fr.adhumi.chapelledesbois;
				PRODUCT_NAME = "$(TARGET_NAME)";
				SDKROOT = auto;
				SUPPORTED_PLATFORMS = "iphoneos iphonesimulator";
				SUPPORTS_MACCATALYST = NO;
				SUPPORTS_MAC_DESIGNED_FOR_IPHONE_IPAD = NO;
				SWIFT_EMIT_LOC_STRINGS = YES;
				SWIFT_OPTIMIZATION_LEVEL = "-Onone";
				SWIFT_VERSION = 5.0;
				TARGETED_DEVICE_FAMILY = "1,2";
			};
			name = Debug;
		};
		A6F8AD67299A885400B3D170 /* Release */ = {
			isa = XCBuildConfiguration;
			buildSettings = {
				ALWAYS_EMBED_SWIFT_STANDARD_LIBRARIES = YES;
				ASSETCATALOG_COMPILER_APPICON_NAME = AppIcon;
				ASSETCATALOG_COMPILER_GLOBAL_ACCENT_COLOR_NAME = AccentColor;
				CLANG_ENABLE_MODULES = YES;
				CODE_SIGN_ENTITLEMENTS = Chapelle/Chapelle.entitlements;
				CODE_SIGN_STYLE = Automatic;
				CURRENT_PROJECT_VERSION = 1;
				DEAD_CODE_STRIPPING = YES;
				DEVELOPMENT_ASSET_PATHS = "\"Chapelle/Preview Content\"";
				DEVELOPMENT_TEAM = E873B24XVN;
				ENABLE_HARDENED_RUNTIME = YES;
				ENABLE_PREVIEWS = YES;
				GENERATE_INFOPLIST_FILE = YES;
				INFOPLIST_FILE = Chapelle/Info.plist;
				"INFOPLIST_KEY_UIApplicationSceneManifest_Generation[sdk=iphoneos*]" = YES;
				"INFOPLIST_KEY_UIApplicationSceneManifest_Generation[sdk=iphonesimulator*]" = YES;
				"INFOPLIST_KEY_UIApplicationSupportsIndirectInputEvents[sdk=iphoneos*]" = YES;
				"INFOPLIST_KEY_UIApplicationSupportsIndirectInputEvents[sdk=iphonesimulator*]" = YES;
				"INFOPLIST_KEY_UILaunchScreen_Generation[sdk=iphoneos*]" = YES;
				"INFOPLIST_KEY_UILaunchScreen_Generation[sdk=iphonesimulator*]" = YES;
				"INFOPLIST_KEY_UIStatusBarStyle[sdk=iphoneos*]" = UIStatusBarStyleDefault;
				"INFOPLIST_KEY_UIStatusBarStyle[sdk=iphonesimulator*]" = UIStatusBarStyleDefault;
				INFOPLIST_KEY_UISupportedInterfaceOrientations = UIInterfaceOrientationPortrait;
				INFOPLIST_KEY_UISupportedInterfaceOrientations_iPad = "UIInterfaceOrientationLandscapeLeft UIInterfaceOrientationLandscapeRight UIInterfaceOrientationPortrait UIInterfaceOrientationPortraitUpsideDown";
				IPHONEOS_DEPLOYMENT_TARGET = 15.0;
				LD_RUNPATH_SEARCH_PATHS = "@executable_path/Frameworks";
				"LD_RUNPATH_SEARCH_PATHS[sdk=macosx*]" = "@executable_path/../Frameworks";
				MACOSX_DEPLOYMENT_TARGET = 13.0;
				MARKETING_VERSION = 11;
				PRODUCT_BUNDLE_IDENTIFIER = fr.adhumi.chapelledesbois;
				PRODUCT_NAME = "$(TARGET_NAME)";
				SDKROOT = auto;
				SUPPORTED_PLATFORMS = "iphoneos iphonesimulator";
				SUPPORTS_MACCATALYST = NO;
				SUPPORTS_MAC_DESIGNED_FOR_IPHONE_IPAD = NO;
				SWIFT_EMIT_LOC_STRINGS = YES;
				SWIFT_VERSION = 5.0;
				TARGETED_DEVICE_FAMILY = "1,2";
			};
			name = Release;
		};
		A6F8AD69299A885400B3D170 /* Debug */ = {
			isa = XCBuildConfiguration;
			buildSettings = {
				ALWAYS_EMBED_SWIFT_STANDARD_LIBRARIES = YES;
				BUNDLE_LOADER = "$(TEST_HOST)";
				CODE_SIGN_STYLE = Automatic;
				CURRENT_PROJECT_VERSION = 1;
				DEAD_CODE_STRIPPING = YES;
				DEVELOPMENT_TEAM = E873B24XVN;
				GENERATE_INFOPLIST_FILE = YES;
				IPHONEOS_DEPLOYMENT_TARGET = 16.2;
				MACOSX_DEPLOYMENT_TARGET = 13.0;
				MARKETING_VERSION = 1.0;
				PRODUCT_BUNDLE_IDENTIFIER = fr.adhumi.ChapelleTests;
				PRODUCT_NAME = "$(TARGET_NAME)";
				SDKROOT = auto;
				SUPPORTED_PLATFORMS = "iphoneos iphonesimulator macosx";
				SWIFT_EMIT_LOC_STRINGS = NO;
				SWIFT_VERSION = 5.0;
				TARGETED_DEVICE_FAMILY = "1,2";
				TEST_HOST = "$(BUILT_PRODUCTS_DIR)/Chapelle.app/$(BUNDLE_EXECUTABLE_FOLDER_PATH)/Chapelle";
			};
			name = Debug;
		};
		A6F8AD6A299A885400B3D170 /* Release */ = {
			isa = XCBuildConfiguration;
			buildSettings = {
				ALWAYS_EMBED_SWIFT_STANDARD_LIBRARIES = YES;
				BUNDLE_LOADER = "$(TEST_HOST)";
				CODE_SIGN_STYLE = Automatic;
				CURRENT_PROJECT_VERSION = 1;
				DEAD_CODE_STRIPPING = YES;
				DEVELOPMENT_TEAM = E873B24XVN;
				GENERATE_INFOPLIST_FILE = YES;
				IPHONEOS_DEPLOYMENT_TARGET = 16.2;
				MACOSX_DEPLOYMENT_TARGET = 13.0;
				MARKETING_VERSION = 1.0;
				PRODUCT_BUNDLE_IDENTIFIER = fr.adhumi.ChapelleTests;
				PRODUCT_NAME = "$(TARGET_NAME)";
				SDKROOT = auto;
				SUPPORTED_PLATFORMS = "iphoneos iphonesimulator macosx";
				SWIFT_EMIT_LOC_STRINGS = NO;
				SWIFT_VERSION = 5.0;
				TARGETED_DEVICE_FAMILY = "1,2";
				TEST_HOST = "$(BUILT_PRODUCTS_DIR)/Chapelle.app/$(BUNDLE_EXECUTABLE_FOLDER_PATH)/Chapelle";
			};
			name = Release;
		};
		A6F8AD6C299A885400B3D170 /* Debug */ = {
			isa = XCBuildConfiguration;
			buildSettings = {
				ALWAYS_EMBED_SWIFT_STANDARD_LIBRARIES = YES;
				CODE_SIGN_STYLE = Automatic;
				CURRENT_PROJECT_VERSION = 1;
				DEAD_CODE_STRIPPING = YES;
				DEVELOPMENT_TEAM = E873B24XVN;
				GENERATE_INFOPLIST_FILE = YES;
				IPHONEOS_DEPLOYMENT_TARGET = 16.2;
				MACOSX_DEPLOYMENT_TARGET = 13.0;
				MARKETING_VERSION = 1.0;
				PRODUCT_BUNDLE_IDENTIFIER = fr.adhumi.ChapelleUITests;
				PRODUCT_NAME = "$(TARGET_NAME)";
				SDKROOT = auto;
				SUPPORTED_PLATFORMS = "iphoneos iphonesimulator macosx";
				SWIFT_EMIT_LOC_STRINGS = NO;
				SWIFT_VERSION = 5.0;
				TARGETED_DEVICE_FAMILY = "1,2";
				TEST_TARGET_NAME = Chapelle;
			};
			name = Debug;
		};
		A6F8AD6D299A885400B3D170 /* Release */ = {
			isa = XCBuildConfiguration;
			buildSettings = {
				ALWAYS_EMBED_SWIFT_STANDARD_LIBRARIES = YES;
				CODE_SIGN_STYLE = Automatic;
				CURRENT_PROJECT_VERSION = 1;
				DEAD_CODE_STRIPPING = YES;
				DEVELOPMENT_TEAM = E873B24XVN;
				GENERATE_INFOPLIST_FILE = YES;
				IPHONEOS_DEPLOYMENT_TARGET = 16.2;
				MACOSX_DEPLOYMENT_TARGET = 13.0;
				MARKETING_VERSION = 1.0;
				PRODUCT_BUNDLE_IDENTIFIER = fr.adhumi.ChapelleUITests;
				PRODUCT_NAME = "$(TARGET_NAME)";
				SDKROOT = auto;
				SUPPORTED_PLATFORMS = "iphoneos iphonesimulator macosx";
				SWIFT_EMIT_LOC_STRINGS = NO;
				SWIFT_VERSION = 5.0;
				TARGETED_DEVICE_FAMILY = "1,2";
				TEST_TARGET_NAME = Chapelle;
			};
			name = Release;
		};
/* End XCBuildConfiguration section */

/* Begin XCConfigurationList section */
		A61511D2299ACD8900ED052F /* Build configuration list for PBXNativeTarget "ChapelleWidgetExtension" */ = {
			isa = XCConfigurationList;
			buildConfigurations = (
				A61511D3299ACD8900ED052F /* Debug */,
				A61511D4299ACD8900ED052F /* Release */,
			);
			defaultConfigurationIsVisible = 0;
			defaultConfigurationName = Release;
		};
		A6F8AD3B299A885200B3D170 /* Build configuration list for PBXProject "Chapelle" */ = {
			isa = XCConfigurationList;
			buildConfigurations = (
				A6F8AD63299A885400B3D170 /* Debug */,
				A6F8AD64299A885400B3D170 /* Release */,
			);
			defaultConfigurationIsVisible = 0;
			defaultConfigurationName = Release;
		};
		A6F8AD65299A885400B3D170 /* Build configuration list for PBXNativeTarget "Chapelle" */ = {
			isa = XCConfigurationList;
			buildConfigurations = (
				A6F8AD66299A885400B3D170 /* Debug */,
				A6F8AD67299A885400B3D170 /* Release */,
			);
			defaultConfigurationIsVisible = 0;
			defaultConfigurationName = Release;
		};
		A6F8AD68299A885400B3D170 /* Build configuration list for PBXNativeTarget "ChapelleTests" */ = {
			isa = XCConfigurationList;
			buildConfigurations = (
				A6F8AD69299A885400B3D170 /* Debug */,
				A6F8AD6A299A885400B3D170 /* Release */,
			);
			defaultConfigurationIsVisible = 0;
			defaultConfigurationName = Release;
		};
		A6F8AD6B299A885400B3D170 /* Build configuration list for PBXNativeTarget "ChapelleUITests" */ = {
			isa = XCConfigurationList;
			buildConfigurations = (
				A6F8AD6C299A885400B3D170 /* Debug */,
				A6F8AD6D299A885400B3D170 /* Release */,
			);
			defaultConfigurationIsVisible = 0;
			defaultConfigurationName = Release;
		};
/* End XCConfigurationList section */

/* Begin XCRemoteSwiftPackageReference section */
		A6F8ADBC299A896300B3D170 /* XCRemoteSwiftPackageReference "SwiftSoup" */ = {
			isa = XCRemoteSwiftPackageReference;
			repositoryURL = "https://github.com/scinfu/SwiftSoup";
			requirement = {
				kind = upToNextMajorVersion;
				minimumVersion = 2.0.0;
			};
		};
		A6F8ADBF299A89A200B3D170 /* XCRemoteSwiftPackageReference "maplibre-gl-native-distribution" */ = {
			isa = XCRemoteSwiftPackageReference;
			repositoryURL = "https://github.com/maplibre/maplibre-gl-native-distribution";
			requirement = {
				kind = upToNextMajorVersion;
				minimumVersion = 5.13.0;
			};
		};
/* End XCRemoteSwiftPackageReference section */

/* Begin XCSwiftPackageProductDependency section */
		A61511DE299AD2E600ED052F /* SwiftSoup */ = {
			isa = XCSwiftPackageProductDependency;
			package = A6F8ADBC299A896300B3D170 /* XCRemoteSwiftPackageReference "SwiftSoup" */;
			productName = SwiftSoup;
		};
		A6F8ADBD299A896300B3D170 /* SwiftSoup */ = {
			isa = XCSwiftPackageProductDependency;
			package = A6F8ADBC299A896300B3D170 /* XCRemoteSwiftPackageReference "SwiftSoup" */;
			productName = SwiftSoup;
		};
		A6F8ADC0299A89A200B3D170 /* Mapbox */ = {
			isa = XCSwiftPackageProductDependency;
			package = A6F8ADBF299A89A200B3D170 /* XCRemoteSwiftPackageReference "maplibre-gl-native-distribution" */;
			productName = Mapbox;
		};
/* End XCSwiftPackageProductDependency section */
	};
	rootObject = A6F8AD38299A885200B3D170 /* Project object */;
}
