// !$*UTF8*$!
{
	archiveVersion = 1;
	classes = {
	};
	objectVersion = 56;
	objects = {

/* Begin PBXBuildFile section */
		A6F8AD44299A885200B3D170 /* ChapelleApp.swift in Sources */ = {isa = PBXBuildFile; fileRef = A6F8AD43299A885200B3D170 /* ChapelleApp.swift */; };
		A6F8AD46299A885200B3D170 /* ContentView.swift in Sources */ = {isa = PBXBuildFile; fileRef = A6F8AD45299A885200B3D170 /* ContentView.swift */; };
		A6F8AD48299A885300B3D170 /* Assets.xcassets in Resources */ = {isa = PBXBuildFile; fileRef = A6F8AD47299A885300B3D170 /* Assets.xcassets */; };
		A6F8AD4C299A885300B3D170 /* Preview Assets.xcassets in Resources */ = {isa = PBXBuildFile; fileRef = A6F8AD4B299A885300B3D170 /* Preview Assets.xcassets */; };
		A6F8AD56299A885300B3D170 /* ChapelleTests.swift in Sources */ = {isa = PBXBuildFile; fileRef = A6F8AD55299A885300B3D170 /* ChapelleTests.swift */; };
		A6F8AD60299A885300B3D170 /* ChapelleUITests.swift in Sources */ = {isa = PBXBuildFile; fileRef = A6F8AD5F299A885300B3D170 /* ChapelleUITests.swift */; };
		A6F8AD62299A885400B3D170 /* ChapelleUITestsLaunchTests.swift in Sources */ = {isa = PBXBuildFile; fileRef = A6F8AD61299A885400B3D170 /* ChapelleUITestsLaunchTests.swift */; };
/* End PBXBuildFile section */

/* Begin PBXContainerItemProxy section */
		A6F8AD52299A885300B3D170 /* PBXContainerItemProxy */ = {
			isa = PBXContainerItemProxy;
			containerPortal = A6F8AD38299A885200B3D170 /* Project object */;
			proxyType = 1;
			remoteGlobalIDString = A6F8AD3F299A885200B3D170;
			remoteInfo = Chapelle;
		};
		A6F8AD5C299A885300B3D170 /* PBXContainerItemProxy */ = {
			isa = PBXContainerItemProxy;
			containerPortal = A6F8AD38299A885200B3D170 /* Project object */;
			proxyType = 1;
			remoteGlobalIDString = A6F8AD3F299A885200B3D170;
			remoteInfo = Chapelle;
		};
/* End PBXContainerItemProxy section */

/* Begin PBXFileReference section */
		A6F8AD40299A885200B3D170 /* Chapelle.app */ = {isa = PBXFileReference; explicitFileType = wrapper.application; includeInIndex = 0; path = Chapelle.app; sourceTree = BUILT_PRODUCTS_DIR; };
		A6F8AD43299A885200B3D170 /* ChapelleApp.swift */ = {isa = PBXFileReference; lastKnownFileType = sourcecode.swift; path = ChapelleApp.swift; sourceTree = "<group>"; };
		A6F8AD45299A885200B3D170 /* ContentView.swift */ = {isa = PBXFileReference; lastKnownFileType = sourcecode.swift; path = ContentView.swift; sourceTree = "<group>"; };
		A6F8AD47299A885300B3D170 /* Assets.xcassets */ = {isa = PBXFileReference; lastKnownFileType = folder.assetcatalog; path = Assets.xcassets; sourceTree = "<group>"; };
		A6F8AD49299A885300B3D170 /* Chapelle.entitlements */ = {isa = PBXFileReference; lastKnownFileType = text.plist.entitlements; path = Chapelle.entitlements; sourceTree = "<group>"; };
		A6F8AD4B299A885300B3D170 /* Preview Assets.xcassets */ = {isa = PBXFileReference; lastKnownFileType = folder.assetcatalog; path = "Preview Assets.xcassets"; sourceTree = "<group>"; };
		A6F8AD51299A885300B3D170 /* ChapelleTests.xctest */ = {isa = PBXFileReference; explicitFileType = wrapper.cfbundle; includeInIndex = 0; path = ChapelleTests.xctest; sourceTree = BUILT_PRODUCTS_DIR; };
		A6F8AD55299A885300B3D170 /* ChapelleTests.swift */ = {isa = PBXFileReference; lastKnownFileType = sourcecode.swift; path = ChapelleTests.swift; sourceTree = "<group>"; };
		A6F8AD5B299A885300B3D170 /* ChapelleUITests.xctest */ = {isa = PBXFileReference; explicitFileType = wrapper.cfbundle; includeInIndex = 0; path = ChapelleUITests.xctest; sourceTree = BUILT_PRODUCTS_DIR; };
		A6F8AD5F299A885300B3D170 /* ChapelleUITests.swift */ = {isa = PBXFileReference; lastKnownFileType = sourcecode.swift; path = ChapelleUITests.swift; sourceTree = "<group>"; };
		A6F8AD61299A885400B3D170 /* ChapelleUITestsLaunchTests.swift */ = {isa = PBXFileReference; lastKnownFileType = sourcecode.swift; path = ChapelleUITestsLaunchTests.swift; sourceTree = "<group>"; };
/* End PBXFileReference section */

/* Begin PBXFrameworksBuildPhase section */
		A6F8AD3D299A885200B3D170 /* Frameworks */ = {
			isa = PBXFrameworksBuildPhase;
			buildActionMask = 2147483647;
			files = (
			);
			runOnlyForDeploymentPostprocessing = 0;
		};
		A6F8AD4E299A885300B3D170 /* Frameworks */ = {
			isa = PBXFrameworksBuildPhase;
			buildActionMask = 2147483647;
			files = (
			);
			runOnlyForDeploymentPostprocessing = 0;
		};
		A6F8AD58299A885300B3D170 /* Frameworks */ = {
			isa = PBXFrameworksBuildPhase;
			buildActionMask = 2147483647;
			files = (
			);
			runOnlyForDeploymentPostprocessing = 0;
		};
/* End PBXFrameworksBuildPhase section */

/* Begin PBXGroup section */
		A6F8AD37299A885200B3D170 = {
			isa = PBXGroup;
			children = (
				A6F8AD42299A885200B3D170 /* Chapelle */,
				A6F8AD54299A885300B3D170 /* ChapelleTests */,
				A6F8AD5E299A885300B3D170 /* ChapelleUITests */,
				A6F8AD41299A885200B3D170 /* Products */,
			);
			sourceTree = "<group>";
		};
		A6F8AD41299A885200B3D170 /* Products */ = {
			isa = PBXGroup;
			children = (
				A6F8AD40299A885200B3D170 /* Chapelle.app */,
				A6F8AD51299A885300B3D170 /* ChapelleTests.xctest */,
				A6F8AD5B299A885300B3D170 /* ChapelleUITests.xctest */,
			);
			name = Products;
			sourceTree = "<group>";
		};
		A6F8AD42299A885200B3D170 /* Chapelle */ = {
			isa = PBXGroup;
			children = (
				A6F8AD43299A885200B3D170 /* ChapelleApp.swift */,
				A6F8AD45299A885200B3D170 /* ContentView.swift */,
				A6F8AD47299A885300B3D170 /* Assets.xcassets */,
				A6F8AD49299A885300B3D170 /* Chapelle.entitlements */,
				A6F8AD4A299A885300B3D170 /* Preview Content */,
			);
			path = Chapelle;
			sourceTree = "<group>";
		};
		A6F8AD4A299A885300B3D170 /* Preview Content */ = {
			isa = PBXGroup;
			children = (
				A6F8AD4B299A885300B3D170 /* Preview Assets.xcassets */,
			);
			path = "Preview Content";
			sourceTree = "<group>";
		};
		A6F8AD54299A885300B3D170 /* ChapelleTests */ = {
			isa = PBXGroup;
			children = (
				A6F8AD55299A885300B3D170 /* ChapelleTests.swift */,
			);
			path = ChapelleTests;
			sourceTree = "<group>";
		};
		A6F8AD5E299A885300B3D170 /* ChapelleUITests */ = {
			isa = PBXGroup;
			children = (
				A6F8AD5F299A885300B3D170 /* ChapelleUITests.swift */,
				A6F8AD61299A885400B3D170 /* ChapelleUITestsLaunchTests.swift */,
			);
			path = ChapelleUITests;
			sourceTree = "<group>";
		};
/* End PBXGroup section */

/* Begin PBXNativeTarget section */
		A6F8AD3F299A885200B3D170 /* Chapelle */ = {
			isa = PBXNativeTarget;
			buildConfigurationList = A6F8AD65299A885400B3D170 /* Build configuration list for PBXNativeTarget "Chapelle" */;
			buildPhases = (
				A6F8AD3C299A885200B3D170 /* Sources */,
				A6F8AD3D299A885200B3D170 /* Frameworks */,
				A6F8AD3E299A885200B3D170 /* Resources */,
			);
			buildRules = (
			);
			dependencies = (
			);
			name = Chapelle;
			productName = Chapelle;
			productReference = A6F8AD40299A885200B3D170 /* Chapelle.app */;
			productType = "com.apple.product-type.application";
		};
		A6F8AD50299A885300B3D170 /* ChapelleTests */ = {
			isa = PBXNativeTarget;
			buildConfigurationList = A6F8AD68299A885400B3D170 /* Build configuration list for PBXNativeTarget "ChapelleTests" */;
			buildPhases = (
				A6F8AD4D299A885300B3D170 /* Sources */,
				A6F8AD4E299A885300B3D170 /* Frameworks */,
				A6F8AD4F299A885300B3D170 /* Resources */,
			);
			buildRules = (
			);
			dependencies = (
				A6F8AD53299A885300B3D170 /* PBXTargetDependency */,
			);
			name = ChapelleTests;
			productName = ChapelleTests;
			productReference = A6F8AD51299A885300B3D170 /* ChapelleTests.xctest */;
			productType = "com.apple.product-type.bundle.unit-test";
		};
		A6F8AD5A299A885300B3D170 /* ChapelleUITests */ = {
			isa = PBXNativeTarget;
			buildConfigurationList = A6F8AD6B299A885400B3D170 /* Build configuration list for PBXNativeTarget "ChapelleUITests" */;
			buildPhases = (
				A6F8AD57299A885300B3D170 /* Sources */,
				A6F8AD58299A885300B3D170 /* Frameworks */,
				A6F8AD59299A885300B3D170 /* Resources */,
			);
			buildRules = (
			);
			dependencies = (
				A6F8AD5D299A885300B3D170 /* PBXTargetDependency */,
			);
			name = ChapelleUITests;
			productName = ChapelleUITests;
			productReference = A6F8AD5B299A885300B3D170 /* ChapelleUITests.xctest */;
			productType = "com.apple.product-type.bundle.ui-testing";
		};
/* End PBXNativeTarget section */

/* Begin PBXProject section */
		A6F8AD38299A885200B3D170 /* Project object */ = {
			isa = PBXProject;
			attributes = {
				BuildIndependentTargetsInParallel = 1;
				LastSwiftUpdateCheck = 1420;
				LastUpgradeCheck = 1420;
				TargetAttributes = {
					A6F8AD3F299A885200B3D170 = {
						CreatedOnToolsVersion = 14.2;
					};
					A6F8AD50299A885300B3D170 = {
						CreatedOnToolsVersion = 14.2;
						TestTargetID = A6F8AD3F299A885200B3D170;
					};
					A6F8AD5A299A885300B3D170 = {
						CreatedOnToolsVersion = 14.2;
						TestTargetID = A6F8AD3F299A885200B3D170;
					};
				};
			};
			buildConfigurationList = A6F8AD3B299A885200B3D170 /* Build configuration list for PBXProject "Chapelle" */;
			compatibilityVersion = "Xcode 14.0";
			developmentRegion = en;
			hasScannedForEncodings = 0;
			knownRegions = (
				en,
				Base,
			);
			mainGroup = A6F8AD37299A885200B3D170;
			productRefGroup = A6F8AD41299A885200B3D170 /* Products */;
			projectDirPath = "";
			projectRoot = "";
			targets = (
				A6F8AD3F299A885200B3D170 /* Chapelle */,
				A6F8AD50299A885300B3D170 /* ChapelleTests */,
				A6F8AD5A299A885300B3D170 /* ChapelleUITests */,
			);
		};
/* End PBXProject section */

/* Begin PBXResourcesBuildPhase section */
		A6F8AD3E299A885200B3D170 /* Resources */ = {
			isa = PBXResourcesBuildPhase;
			buildActionMask = 2147483647;
			files = (
				A6F8AD4C299A885300B3D170 /* Preview Assets.xcassets in Resources */,
				A6F8AD48299A885300B3D170 /* Assets.xcassets in Resources */,
			);
			runOnlyForDeploymentPostprocessing = 0;
		};
		A6F8AD4F299A885300B3D170 /* Resources */ = {
			isa = PBXResourcesBuildPhase;
			buildActionMask = 2147483647;
			files = (
			);
			runOnlyForDeploymentPostprocessing = 0;
		};
		A6F8AD59299A885300B3D170 /* Resources */ = {
			isa = PBXResourcesBuildPhase;
			buildActionMask = 2147483647;
			files = (
			);
			runOnlyForDeploymentPostprocessing = 0;
		};
/* End PBXResourcesBuildPhase section */

/* Begin PBXSourcesBuildPhase section */
		A6F8AD3C299A885200B3D170 /* Sources */ = {
			isa = PBXSourcesBuildPhase;
			buildActionMask = 2147483647;
			files = (
				A6F8AD46299A885200B3D170 /* ContentView.swift in Sources */,
				A6F8AD44299A885200B3D170 /* ChapelleApp.swift in Sources */,
			);
			runOnlyForDeploymentPostprocessing = 0;
		};
		A6F8AD4D299A885300B3D170 /* Sources */ = {
			isa = PBXSourcesBuildPhase;
			buildActionMask = 2147483647;
			files = (
				A6F8AD56299A885300B3D170 /* ChapelleTests.swift in Sources */,
			);
			runOnlyForDeploymentPostprocessing = 0;
		};
		A6F8AD57299A885300B3D170 /* Sources */ = {
			isa = PBXSourcesBuildPhase;
			buildActionMask = 2147483647;
			files = (
				A6F8AD62299A885400B3D170 /* ChapelleUITestsLaunchTests.swift in Sources */,
				A6F8AD60299A885300B3D170 /* ChapelleUITests.swift in Sources */,
			);
			runOnlyForDeploymentPostprocessing = 0;
		};
/* End PBXSourcesBuildPhase section */

/* Begin PBXTargetDependency section */
		A6F8AD53299A885300B3D170 /* PBXTargetDependency */ = {
			isa = PBXTargetDependency;
			target = A6F8AD3F299A885200B3D170 /* Chapelle */;
			targetProxy = A6F8AD52299A885300B3D170 /* PBXContainerItemProxy */;
		};
		A6F8AD5D299A885300B3D170 /* PBXTargetDependency */ = {
			isa = PBXTargetDependency;
			target = A6F8AD3F299A885200B3D170 /* Chapelle */;
			targetProxy = A6F8AD5C299A885300B3D170 /* PBXContainerItemProxy */;
		};
/* End PBXTargetDependency section */

/* Begin XCBuildConfiguration section */
		A6F8AD63299A885400B3D170 /* Debug */ = {
			isa = XCBuildConfiguration;
			buildSettings = {
				ALWAYS_SEARCH_USER_PATHS = NO;
				CLANG_ANALYZER_NONNULL = YES;
				CLANG_ANALYZER_NUMBER_OBJECT_CONVERSION = YES_AGGRESSIVE;
				CLANG_CXX_LANGUAGE_STANDARD = "gnu++20";
				CLANG_ENABLE_MODULES = YES;
				CLANG_ENABLE_OBJC_ARC = YES;
				CLANG_ENABLE_OBJC_WEAK = YES;
				CLANG_WARN_BLOCK_CAPTURE_AUTORELEASING = YES;
				CLANG_WARN_BOOL_CONVERSION = YES;
				CLANG_WARN_COMMA = YES;
				CLANG_WARN_CONSTANT_CONVERSION = YES;
				CLANG_WARN_DEPRECATED_OBJC_IMPLEMENTATIONS = YES;
				CLANG_WARN_DIRECT_OBJC_ISA_USAGE = YES_ERROR;
				CLANG_WARN_DOCUMENTATION_COMMENTS = YES;
				CLANG_WARN_EMPTY_BODY = YES;
				CLANG_WARN_ENUM_CONVERSION = YES;
				CLANG_WARN_INFINITE_RECURSION = YES;
				CLANG_WARN_INT_CONVERSION = YES;
				CLANG_WARN_NON_LITERAL_NULL_CONVERSION = YES;
				CLANG_WARN_OBJC_IMPLICIT_RETAIN_SELF = YES;
				CLANG_WARN_OBJC_LITERAL_CONVERSION = YES;
				CLANG_WARN_OBJC_ROOT_CLASS = YES_ERROR;
				CLANG_WARN_QUOTED_INCLUDE_IN_FRAMEWORK_HEADER = YES;
				CLANG_WARN_RANGE_LOOP_ANALYSIS = YES;
				CLANG_WARN_STRICT_PROTOTYPES = YES;
				CLANG_WARN_SUSPICIOUS_MOVE = YES;
				CLANG_WARN_UNGUARDED_AVAILABILITY = YES_AGGRESSIVE;
				CLANG_WARN_UNREACHABLE_CODE = YES;
				CLANG_WARN__DUPLICATE_METHOD_MATCH = YES;
				COPY_PHASE_STRIP = NO;
				DEBUG_INFORMATION_FORMAT = dwarf;
				ENABLE_STRICT_OBJC_MSGSEND = YES;
				ENABLE_TESTABILITY = YES;
				GCC_C_LANGUAGE_STANDARD = gnu11;
				GCC_DYNAMIC_NO_PIC = NO;
				GCC_NO_COMMON_BLOCKS = YES;
				GCC_OPTIMIZATION_LEVEL = 0;
				GCC_PREPROCESSOR_DEFINITIONS = (
					"DEBUG=1",
					"$(inherited)",
				);
				GCC_WARN_64_TO_32_BIT_CONVERSION = YES;
				GCC_WARN_ABOUT_RETURN_TYPE = YES_ERROR;
				GCC_WARN_UNDECLARED_SELECTOR = YES;
				GCC_WARN_UNINITIALIZED_AUTOS = YES_AGGRESSIVE;
				GCC_WARN_UNUSED_FUNCTION = YES;
				GCC_WARN_UNUSED_VARIABLE = YES;
				MTL_ENABLE_DEBUG_INFO = INCLUDE_SOURCE;
				MTL_FAST_MATH = YES;
				ONLY_ACTIVE_ARCH = YES;
				SWIFT_ACTIVE_COMPILATION_CONDITIONS = DEBUG;
				SWIFT_OPTIMIZATION_LEVEL = "-Onone";
			};
			name = Debug;
		};
		A6F8AD64299A885400B3D170 /* Release */ = {
			isa = XCBuildConfiguration;
			buildSettings = {
				ALWAYS_SEARCH_USER_PATHS = NO;
				CLANG_ANALYZER_NONNULL = YES;
				CLANG_ANALYZER_NUMBER_OBJECT_CONVERSION = YES_AGGRESSIVE;
				CLANG_CXX_LANGUAGE_STANDARD = "gnu++20";
				CLANG_ENABLE_MODULES = YES;
				CLANG_ENABLE_OBJC_ARC = YES;
				CLANG_ENABLE_OBJC_WEAK = YES;
				CLANG_WARN_BLOCK_CAPTURE_AUTORELEASING = YES;
				CLANG_WARN_BOOL_CONVERSION = YES;
				CLANG_WARN_COMMA = YES;
				CLANG_WARN_CONSTANT_CONVERSION = YES;
				CLANG_WARN_DEPRECATED_OBJC_IMPLEMENTATIONS = YES;
				CLANG_WARN_DIRECT_OBJC_ISA_USAGE = YES_ERROR;
				CLANG_WARN_DOCUMENTATION_COMMENTS = YES;
				CLANG_WARN_EMPTY_BODY = YES;
				CLANG_WARN_ENUM_CONVERSION = YES;
				CLANG_WARN_INFINITE_RECURSION = YES;
				CLANG_WARN_INT_CONVERSION = YES;
				CLANG_WARN_NON_LITERAL_NULL_CONVERSION = YES;
				CLANG_WARN_OBJC_IMPLICIT_RETAIN_SELF = YES;
				CLANG_WARN_OBJC_LITERAL_CONVERSION = YES;
				CLANG_WARN_OBJC_ROOT_CLASS = YES_ERROR;
				CLANG_WARN_QUOTED_INCLUDE_IN_FRAMEWORK_HEADER = YES;
				CLANG_WARN_RANGE_LOOP_ANALYSIS = YES;
				CLANG_WARN_STRICT_PROTOTYPES = YES;
				CLANG_WARN_SUSPICIOUS_MOVE = YES;
				CLANG_WARN_UNGUARDED_AVAILABILITY = YES_AGGRESSIVE;
				CLANG_WARN_UNREACHABLE_CODE = YES;
				CLANG_WARN__DUPLICATE_METHOD_MATCH = YES;
				COPY_PHASE_STRIP = NO;
				DEBUG_INFORMATION_FORMAT = "dwarf-with-dsym";
				ENABLE_NS_ASSERTIONS = NO;
				ENABLE_STRICT_OBJC_MSGSEND = YES;
				GCC_C_LANGUAGE_STANDARD = gnu11;
				GCC_NO_COMMON_BLOCKS = YES;
				GCC_WARN_64_TO_32_BIT_CONVERSION = YES;
				GCC_WARN_ABOUT_RETURN_TYPE = YES_ERROR;
				GCC_WARN_UNDECLARED_SELECTOR = YES;
				GCC_WARN_UNINITIALIZED_AUTOS = YES_AGGRESSIVE;
				GCC_WARN_UNUSED_FUNCTION = YES;
				GCC_WARN_UNUSED_VARIABLE = YES;
				MTL_ENABLE_DEBUG_INFO = NO;
				MTL_FAST_MATH = YES;
				SWIFT_COMPILATION_MODE = wholemodule;
				SWIFT_OPTIMIZATION_LEVEL = "-O";
			};
			name = Release;
		};
		A6F8AD66299A885400B3D170 /* Debug */ = {
			isa = XCBuildConfiguration;
			buildSettings = {
				ASSETCATALOG_COMPILER_APPICON_NAME = AppIcon;
				ASSETCATALOG_COMPILER_GLOBAL_ACCENT_COLOR_NAME = AccentColor;
				CODE_SIGN_ENTITLEMENTS = Chapelle/Chapelle.entitlements;
				CODE_SIGN_STYLE = Automatic;
				CURRENT_PROJECT_VERSION = 1;
				DEVELOPMENT_ASSET_PATHS = "\"Chapelle/Preview Content\"";
				DEVELOPMENT_TEAM = E873B24XVN;
				ENABLE_HARDENED_RUNTIME = YES;
				ENABLE_PREVIEWS = YES;
				GENERATE_INFOPLIST_FILE = YES;
				"INFOPLIST_KEY_UIApplicationSceneManifest_Generation[sdk=iphoneos*]" = YES;
				"INFOPLIST_KEY_UIApplicationSceneManifest_Generation[sdk=iphonesimulator*]" = YES;
				"INFOPLIST_KEY_UIApplicationSupportsIndirectInputEvents[sdk=iphoneos*]" = YES;
				"INFOPLIST_KEY_UIApplicationSupportsIndirectInputEvents[sdk=iphonesimulator*]" = YES;
				"INFOPLIST_KEY_UILaunchScreen_Generation[sdk=iphoneos*]" = YES;
				"INFOPLIST_KEY_UILaunchScreen_Generation[sdk=iphonesimulator*]" = YES;
				"INFOPLIST_KEY_UIStatusBarStyle[sdk=iphoneos*]" = UIStatusBarStyleDefault;
				"INFOPLIST_KEY_UIStatusBarStyle[sdk=iphonesimulator*]" = UIStatusBarStyleDefault;
				INFOPLIST_KEY_UISupportedInterfaceOrientations_iPad = "UIInterfaceOrientationPortrait UIInterfaceOrientationPortraitUpsideDown UIInterfaceOrientationLandscapeLeft UIInterfaceOrientationLandscapeRight";
				INFOPLIST_KEY_UISupportedInterfaceOrientations_iPhone = "UIInterfaceOrientationPortrait UIInterfaceOrientationLandscapeLeft UIInterfaceOrientationLandscapeRight";
				IPHONEOS_DEPLOYMENT_TARGET = 16.2;
				LD_RUNPATH_SEARCH_PATHS = "@executable_path/Frameworks";
				"LD_RUNPATH_SEARCH_PATHS[sdk=macosx*]" = "@executable_path/../Frameworks";
				MACOSX_DEPLOYMENT_TARGET = 13.0;
				MARKETING_VERSION = 1.0;
				PRODUCT_BUNDLE_IDENTIFIER = fr.adhumi.Chapelle;
				PRODUCT_NAME = "$(TARGET_NAME)";
				SDKROOT = auto;
				SUPPORTED_PLATFORMS = "iphoneos iphonesimulator macosx";
				SWIFT_EMIT_LOC_STRINGS = YES;
				SWIFT_VERSION = 5.0;
				TARGETED_DEVICE_FAMILY = "1,2";
			};
			name = Debug;
		};
		A6F8AD67299A885400B3D170 /* Release */ = {
			isa = XCBuildConfiguration;
			buildSettings = {
				ASSETCATALOG_COMPILER_APPICON_NAME = AppIcon;
				ASSETCATALOG_COMPILER_GLOBAL_ACCENT_COLOR_NAME = AccentColor;
				CODE_SIGN_ENTITLEMENTS = Chapelle/Chapelle.entitlements;
				CODE_SIGN_STYLE = Automatic;
				CURRENT_PROJECT_VERSION = 1;
				DEVELOPMENT_ASSET_PATHS = "\"Chapelle/Preview Content\"";
				DEVELOPMENT_TEAM = E873B24XVN;
				ENABLE_HARDENED_RUNTIME = YES;
				ENABLE_PREVIEWS = YES;
				GENERATE_INFOPLIST_FILE = YES;
				"INFOPLIST_KEY_UIApplicationSceneManifest_Generation[sdk=iphoneos*]" = YES;
				"INFOPLIST_KEY_UIApplicationSceneManifest_Generation[sdk=iphonesimulator*]" = YES;
				"INFOPLIST_KEY_UIApplicationSupportsIndirectInputEvents[sdk=iphoneos*]" = YES;
				"INFOPLIST_KEY_UIApplicationSupportsIndirectInputEvents[sdk=iphonesimulator*]" = YES;
				"INFOPLIST_KEY_UILaunchScreen_Generation[sdk=iphoneos*]" = YES;
				"INFOPLIST_KEY_UILaunchScreen_Generation[sdk=iphonesimulator*]" = YES;
				"INFOPLIST_KEY_UIStatusBarStyle[sdk=iphoneos*]" = UIStatusBarStyleDefault;
				"INFOPLIST_KEY_UIStatusBarStyle[sdk=iphonesimulator*]" = UIStatusBarStyleDefault;
				INFOPLIST_KEY_UISupportedInterfaceOrientations_iPad = "UIInterfaceOrientationPortrait UIInterfaceOrientationPortraitUpsideDown UIInterfaceOrientationLandscapeLeft UIInterfaceOrientationLandscapeRight";
				INFOPLIST_KEY_UISupportedInterfaceOrientations_iPhone = "UIInterfaceOrientationPortrait UIInterfaceOrientationLandscapeLeft UIInterfaceOrientationLandscapeRight";
				IPHONEOS_DEPLOYMENT_TARGET = 16.2;
				LD_RUNPATH_SEARCH_PATHS = "@executable_path/Frameworks";
				"LD_RUNPATH_SEARCH_PATHS[sdk=macosx*]" = "@executable_path/../Frameworks";
				MACOSX_DEPLOYMENT_TARGET = 13.0;
				MARKETING_VERSION = 1.0;
				PRODUCT_BUNDLE_IDENTIFIER = fr.adhumi.Chapelle;
				PRODUCT_NAME = "$(TARGET_NAME)";
				SDKROOT = auto;
				SUPPORTED_PLATFORMS = "iphoneos iphonesimulator macosx";
				SWIFT_EMIT_LOC_STRINGS = YES;
				SWIFT_VERSION = 5.0;
				TARGETED_DEVICE_FAMILY = "1,2";
			};
			name = Release;
		};
		A6F8AD69299A885400B3D170 /* Debug */ = {
			isa = XCBuildConfiguration;
			buildSettings = {
				ALWAYS_EMBED_SWIFT_STANDARD_LIBRARIES = YES;
				BUNDLE_LOADER = "$(TEST_HOST)";
				CODE_SIGN_STYLE = Automatic;
				CURRENT_PROJECT_VERSION = 1;
				DEVELOPMENT_TEAM = E873B24XVN;
				GENERATE_INFOPLIST_FILE = YES;
				IPHONEOS_DEPLOYMENT_TARGET = 16.2;
				MACOSX_DEPLOYMENT_TARGET = 13.0;
				MARKETING_VERSION = 1.0;
				PRODUCT_BUNDLE_IDENTIFIER = fr.adhumi.ChapelleTests;
				PRODUCT_NAME = "$(TARGET_NAME)";
				SDKROOT = auto;
				SUPPORTED_PLATFORMS = "iphoneos iphonesimulator macosx";
				SWIFT_EMIT_LOC_STRINGS = NO;
				SWIFT_VERSION = 5.0;
				TARGETED_DEVICE_FAMILY = "1,2";
				TEST_HOST = "$(BUILT_PRODUCTS_DIR)/Chapelle.app/$(BUNDLE_EXECUTABLE_FOLDER_PATH)/Chapelle";
			};
			name = Debug;
		};
		A6F8AD6A299A885400B3D170 /* Release */ = {
			isa = XCBuildConfiguration;
			buildSettings = {
				ALWAYS_EMBED_SWIFT_STANDARD_LIBRARIES = YES;
				BUNDLE_LOADER = "$(TEST_HOST)";
				CODE_SIGN_STYLE = Automatic;
				CURRENT_PROJECT_VERSION = 1;
				DEVELOPMENT_TEAM = E873B24XVN;
				GENERATE_INFOPLIST_FILE = YES;
				IPHONEOS_DEPLOYMENT_TARGET = 16.2;
				MACOSX_DEPLOYMENT_TARGET = 13.0;
				MARKETING_VERSION = 1.0;
				PRODUCT_BUNDLE_IDENTIFIER = fr.adhumi.ChapelleTests;
				PRODUCT_NAME = "$(TARGET_NAME)";
				SDKROOT = auto;
				SUPPORTED_PLATFORMS = "iphoneos iphonesimulator macosx";
				SWIFT_EMIT_LOC_STRINGS = NO;
				SWIFT_VERSION = 5.0;
				TARGETED_DEVICE_FAMILY = "1,2";
				TEST_HOST = "$(BUILT_PRODUCTS_DIR)/Chapelle.app/$(BUNDLE_EXECUTABLE_FOLDER_PATH)/Chapelle";
			};
			name = Release;
		};
		A6F8AD6C299A885400B3D170 /* Debug */ = {
			isa = XCBuildConfiguration;
			buildSettings = {
				ALWAYS_EMBED_SWIFT_STANDARD_LIBRARIES = YES;
				CODE_SIGN_STYLE = Automatic;
				CURRENT_PROJECT_VERSION = 1;
				DEVELOPMENT_TEAM = E873B24XVN;
				GENERATE_INFOPLIST_FILE = YES;
				IPHONEOS_DEPLOYMENT_TARGET = 16.2;
				MACOSX_DEPLOYMENT_TARGET = 13.0;
				MARKETING_VERSION = 1.0;
				PRODUCT_BUNDLE_IDENTIFIER = fr.adhumi.ChapelleUITests;
				PRODUCT_NAME = "$(TARGET_NAME)";
				SDKROOT = auto;
				SUPPORTED_PLATFORMS = "iphoneos iphonesimulator macosx";
				SWIFT_EMIT_LOC_STRINGS = NO;
				SWIFT_VERSION = 5.0;
				TARGETED_DEVICE_FAMILY = "1,2";
				TEST_TARGET_NAME = Chapelle;
			};
			name = Debug;
		};
		A6F8AD6D299A885400B3D170 /* Release */ = {
			isa = XCBuildConfiguration;
			buildSettings = {
				ALWAYS_EMBED_SWIFT_STANDARD_LIBRARIES = YES;
				CODE_SIGN_STYLE = Automatic;
				CURRENT_PROJECT_VERSION = 1;
				DEVELOPMENT_TEAM = E873B24XVN;
				GENERATE_INFOPLIST_FILE = YES;
				IPHONEOS_DEPLOYMENT_TARGET = 16.2;
				MACOSX_DEPLOYMENT_TARGET = 13.0;
				MARKETING_VERSION = 1.0;
				PRODUCT_BUNDLE_IDENTIFIER = fr.adhumi.ChapelleUITests;
				PRODUCT_NAME = "$(TARGET_NAME)";
				SDKROOT = auto;
				SUPPORTED_PLATFORMS = "iphoneos iphonesimulator macosx";
				SWIFT_EMIT_LOC_STRINGS = NO;
				SWIFT_VERSION = 5.0;
				TARGETED_DEVICE_FAMILY = "1,2";
				TEST_TARGET_NAME = Chapelle;
			};
			name = Release;
		};
/* End XCBuildConfiguration section */

/* Begin XCConfigurationList section */
		A6F8AD3B299A885200B3D170 /* Build configuration list for PBXProject "Chapelle" */ = {
			isa = XCConfigurationList;
			buildConfigurations = (
				A6F8AD63299A885400B3D170 /* Debug */,
				A6F8AD64299A885400B3D170 /* Release */,
			);
			defaultConfigurationIsVisible = 0;
			defaultConfigurationName = Release;
		};
		A6F8AD65299A885400B3D170 /* Build configuration list for PBXNativeTarget "Chapelle" */ = {
			isa = XCConfigurationList;
			buildConfigurations = (
				A6F8AD66299A885400B3D170 /* Debug */,
				A6F8AD67299A885400B3D170 /* Release */,
			);
			defaultConfigurationIsVisible = 0;
			defaultConfigurationName = Release;
		};
		A6F8AD68299A885400B3D170 /* Build configuration list for PBXNativeTarget "ChapelleTests" */ = {
			isa = XCConfigurationList;
			buildConfigurations = (
				A6F8AD69299A885400B3D170 /* Debug */,
				A6F8AD6A299A885400B3D170 /* Release */,
			);
			defaultConfigurationIsVisible = 0;
			defaultConfigurationName = Release;
		};
		A6F8AD6B299A885400B3D170 /* Build configuration list for PBXNativeTarget "ChapelleUITests" */ = {
			isa = XCConfigurationList;
			buildConfigurations = (
				A6F8AD6C299A885400B3D170 /* Debug */,
				A6F8AD6D299A885400B3D170 /* Release */,
			);
			defaultConfigurationIsVisible = 0;
			defaultConfigurationName = Release;
		};
/* End XCConfigurationList section */
	};
	rootObject = A6F8AD38299A885200B3D170 /* Project object */;
}
